// !$*UTF8*$!
{
	archiveVersion = 1;
	classes = {
	};
	objectVersion = 46;
	objects = {

/* Begin PBXBuildFile section */
		742962DB154FFDF50066A934 /* QuartzCore.framework in Frameworks */ = {isa = PBXBuildFile; fileRef = 742962DA154FFDF50066A934 /* QuartzCore.framework */; };
		742962DD154FFDF50066A934 /* OpenGLES.framework in Frameworks */ = {isa = PBXBuildFile; fileRef = 742962DC154FFDF50066A934 /* OpenGLES.framework */; };
		742962DF154FFDF50066A934 /* OpenAL.framework in Frameworks */ = {isa = PBXBuildFile; fileRef = 742962DE154FFDF50066A934 /* OpenAL.framework */; };
		742962E1154FFDF50066A934 /* AudioToolbox.framework in Frameworks */ = {isa = PBXBuildFile; fileRef = 742962E0154FFDF50066A934 /* AudioToolbox.framework */; };
		742962E3154FFDF50066A934 /* AVFoundation.framework in Frameworks */ = {isa = PBXBuildFile; fileRef = 742962E2154FFDF50066A934 /* AVFoundation.framework */; };
		742962E5154FFDF50066A934 /* UIKit.framework in Frameworks */ = {isa = PBXBuildFile; fileRef = 742962E4154FFDF50066A934 /* UIKit.framework */; };
		742962E7154FFDF50066A934 /* Foundation.framework in Frameworks */ = {isa = PBXBuildFile; fileRef = 742962E6154FFDF50066A934 /* Foundation.framework */; };
		742962E9154FFDF50066A934 /* CoreGraphics.framework in Frameworks */ = {isa = PBXBuildFile; fileRef = 742962E8154FFDF50066A934 /* CoreGraphics.framework */; };
		742962ED154FFDF50066A934 /* Default.png in Resources */ = {isa = PBXBuildFile; fileRef = 742962EC154FFDF50066A934 /* Default.png */; };
		742962EF154FFDF50066A934 /* fps_images.png in Resources */ = {isa = PBXBuildFile; fileRef = 742962EE154FFDF50066A934 /* fps_images.png */; };
		742962F1154FFDF50066A934 /* Icon-72.png in Resources */ = {isa = PBXBuildFile; fileRef = 742962F0154FFDF50066A934 /* Icon-72.png */; };
		742962F3154FFDF50066A934 /* Icon-Small-50.png in Resources */ = {isa = PBXBuildFile; fileRef = 742962F2154FFDF50066A934 /* Icon-Small-50.png */; };
		742962F5154FFDF50066A934 /* Icon-Small.png in Resources */ = {isa = PBXBuildFile; fileRef = 742962F4154FFDF50066A934 /* Icon-Small.png */; };
		742962F7154FFDF50066A934 /* Icon-Small@2x.png in Resources */ = {isa = PBXBuildFile; fileRef = 742962F6154FFDF50066A934 /* Icon-Small@2x.png */; };
		742962F9154FFDF50066A934 /* Icon.png in Resources */ = {isa = PBXBuildFile; fileRef = 742962F8154FFDF50066A934 /* Icon.png */; };
		742962FB154FFDF50066A934 /* Icon@2x.png in Resources */ = {isa = PBXBuildFile; fileRef = 742962FA154FFDF50066A934 /* Icon@2x.png */; };
		742962FE154FFDF50066A934 /* iTunesArtwork in Resources */ = {isa = PBXBuildFile; fileRef = 742962FD154FFDF50066A934 /* iTunesArtwork */; };
		74296303154FFDF50066A934 /* CCAction.m in Sources */ = {isa = PBXBuildFile; fileRef = 74296302154FFDF50066A934 /* CCAction.m */; };
		74296306154FFDF50066A934 /* CCActionCamera.m in Sources */ = {isa = PBXBuildFile; fileRef = 74296305154FFDF50066A934 /* CCActionCamera.m */; };
		74296309154FFDF50066A934 /* CCActionEase.m in Sources */ = {isa = PBXBuildFile; fileRef = 74296308154FFDF50066A934 /* CCActionEase.m */; };
		7429630C154FFDF50066A934 /* CCActionGrid.m in Sources */ = {isa = PBXBuildFile; fileRef = 7429630B154FFDF50066A934 /* CCActionGrid.m */; };
		7429630F154FFDF50066A934 /* CCActionGrid3D.m in Sources */ = {isa = PBXBuildFile; fileRef = 7429630E154FFDF50066A934 /* CCActionGrid3D.m */; };
		74296312154FFDF50066A934 /* CCActionInstant.m in Sources */ = {isa = PBXBuildFile; fileRef = 74296311154FFDF50066A934 /* CCActionInstant.m */; };
		74296315154FFDF50066A934 /* CCActionInterval.m in Sources */ = {isa = PBXBuildFile; fileRef = 74296314154FFDF50066A934 /* CCActionInterval.m */; };
		74296318154FFDF50066A934 /* CCActionManager.m in Sources */ = {isa = PBXBuildFile; fileRef = 74296317154FFDF50066A934 /* CCActionManager.m */; };
		7429631B154FFDF50066A934 /* CCActionPageTurn3D.m in Sources */ = {isa = PBXBuildFile; fileRef = 7429631A154FFDF50066A934 /* CCActionPageTurn3D.m */; };
		7429631E154FFDF50066A934 /* CCActionProgressTimer.m in Sources */ = {isa = PBXBuildFile; fileRef = 7429631D154FFDF50066A934 /* CCActionProgressTimer.m */; };
		74296321154FFDF50066A934 /* CCActionTiledGrid.m in Sources */ = {isa = PBXBuildFile; fileRef = 74296320154FFDF50066A934 /* CCActionTiledGrid.m */; };
		74296324154FFDF50066A934 /* CCActionTween.m in Sources */ = {isa = PBXBuildFile; fileRef = 74296323154FFDF50066A934 /* CCActionTween.m */; };
		74296327154FFDF60066A934 /* CCAnimation.m in Sources */ = {isa = PBXBuildFile; fileRef = 74296326154FFDF60066A934 /* CCAnimation.m */; };
		7429632A154FFDF60066A934 /* CCAnimationCache.m in Sources */ = {isa = PBXBuildFile; fileRef = 74296329154FFDF60066A934 /* CCAnimationCache.m */; };
		7429632D154FFDF60066A934 /* CCAtlasNode.m in Sources */ = {isa = PBXBuildFile; fileRef = 7429632C154FFDF60066A934 /* CCAtlasNode.m */; };
		74296330154FFDF60066A934 /* CCBlockSupport.m in Sources */ = {isa = PBXBuildFile; fileRef = 7429632F154FFDF60066A934 /* CCBlockSupport.m */; };
		74296333154FFDF60066A934 /* CCCamera.m in Sources */ = {isa = PBXBuildFile; fileRef = 74296332154FFDF60066A934 /* CCCamera.m */; };
		74296337154FFDF60066A934 /* CCConfiguration.m in Sources */ = {isa = PBXBuildFile; fileRef = 74296336154FFDF60066A934 /* CCConfiguration.m */; };
		7429633A154FFDF60066A934 /* CCDirector.m in Sources */ = {isa = PBXBuildFile; fileRef = 74296339154FFDF60066A934 /* CCDirector.m */; };
		7429633D154FFDF60066A934 /* CCDrawingPrimitives.m in Sources */ = {isa = PBXBuildFile; fileRef = 7429633C154FFDF60066A934 /* CCDrawingPrimitives.m */; };
		74296340154FFDF60066A934 /* CCGrabber.m in Sources */ = {isa = PBXBuildFile; fileRef = 7429633F154FFDF60066A934 /* CCGrabber.m */; };
		74296343154FFDF60066A934 /* CCGrid.m in Sources */ = {isa = PBXBuildFile; fileRef = 74296342154FFDF60066A934 /* CCGrid.m */; };
		74296346154FFDF60066A934 /* CCLabelAtlas.m in Sources */ = {isa = PBXBuildFile; fileRef = 74296345154FFDF60066A934 /* CCLabelAtlas.m */; };
		74296349154FFDF60066A934 /* CCLabelBMFont.m in Sources */ = {isa = PBXBuildFile; fileRef = 74296348154FFDF60066A934 /* CCLabelBMFont.m */; };
		7429634C154FFDF60066A934 /* CCLabelTTF.m in Sources */ = {isa = PBXBuildFile; fileRef = 7429634B154FFDF60066A934 /* CCLabelTTF.m */; };
		7429634F154FFDF60066A934 /* CCLayer.m in Sources */ = {isa = PBXBuildFile; fileRef = 7429634E154FFDF60066A934 /* CCLayer.m */; };
		74296353154FFDF60066A934 /* CCMenu.m in Sources */ = {isa = PBXBuildFile; fileRef = 74296352154FFDF60066A934 /* CCMenu.m */; };
		74296356154FFDF60066A934 /* CCMenuItem.m in Sources */ = {isa = PBXBuildFile; fileRef = 74296355154FFDF60066A934 /* CCMenuItem.m */; };
		74296359154FFDF60066A934 /* CCMotionStreak.m in Sources */ = {isa = PBXBuildFile; fileRef = 74296358154FFDF60066A934 /* CCMotionStreak.m */; };
		7429635C154FFDF60066A934 /* CCNode.m in Sources */ = {isa = PBXBuildFile; fileRef = 7429635B154FFDF60066A934 /* CCNode.m */; };
		7429635F154FFDF60066A934 /* CCParallaxNode.m in Sources */ = {isa = PBXBuildFile; fileRef = 7429635E154FFDF60066A934 /* CCParallaxNode.m */; };
		74296362154FFDF60066A934 /* CCParticleBatchNode.m in Sources */ = {isa = PBXBuildFile; fileRef = 74296361154FFDF60066A934 /* CCParticleBatchNode.m */; };
		74296365154FFDF60066A934 /* CCParticleExamples.m in Sources */ = {isa = PBXBuildFile; fileRef = 74296364154FFDF60066A934 /* CCParticleExamples.m */; };
		74296368154FFDF60066A934 /* CCParticleSystem.m in Sources */ = {isa = PBXBuildFile; fileRef = 74296367154FFDF60066A934 /* CCParticleSystem.m */; };
		7429636B154FFDF60066A934 /* CCParticleSystemPoint.m in Sources */ = {isa = PBXBuildFile; fileRef = 7429636A154FFDF60066A934 /* CCParticleSystemPoint.m */; };
		7429636E154FFDF60066A934 /* CCParticleSystemQuad.m in Sources */ = {isa = PBXBuildFile; fileRef = 7429636D154FFDF60066A934 /* CCParticleSystemQuad.m */; };
		74296371154FFDF60066A934 /* CCProgressTimer.m in Sources */ = {isa = PBXBuildFile; fileRef = 74296370154FFDF60066A934 /* CCProgressTimer.m */; };
		74296375154FFDF60066A934 /* CCRenderTexture.m in Sources */ = {isa = PBXBuildFile; fileRef = 74296374154FFDF60066A934 /* CCRenderTexture.m */; };
		74296378154FFDF60066A934 /* CCRibbon.m in Sources */ = {isa = PBXBuildFile; fileRef = 74296377154FFDF60066A934 /* CCRibbon.m */; };
		7429637B154FFDF60066A934 /* CCScene.m in Sources */ = {isa = PBXBuildFile; fileRef = 7429637A154FFDF60066A934 /* CCScene.m */; };
		7429637E154FFDF60066A934 /* CCScheduler.m in Sources */ = {isa = PBXBuildFile; fileRef = 7429637D154FFDF60066A934 /* CCScheduler.m */; };
		74296381154FFDF60066A934 /* CCSprite.m in Sources */ = {isa = PBXBuildFile; fileRef = 74296380154FFDF60066A934 /* CCSprite.m */; };
		74296384154FFDF60066A934 /* CCSpriteBatchNode.m in Sources */ = {isa = PBXBuildFile; fileRef = 74296383154FFDF60066A934 /* CCSpriteBatchNode.m */; };
		74296387154FFDF60066A934 /* CCSpriteFrame.m in Sources */ = {isa = PBXBuildFile; fileRef = 74296386154FFDF60066A934 /* CCSpriteFrame.m */; };
		7429638A154FFDF60066A934 /* CCSpriteFrameCache.m in Sources */ = {isa = PBXBuildFile; fileRef = 74296389154FFDF60066A934 /* CCSpriteFrameCache.m */; };
		7429638D154FFDF60066A934 /* CCTexture2D.m in Sources */ = {isa = PBXBuildFile; fileRef = 7429638C154FFDF60066A934 /* CCTexture2D.m */; };
		74296390154FFDF60066A934 /* CCTextureAtlas.m in Sources */ = {isa = PBXBuildFile; fileRef = 7429638F154FFDF60066A934 /* CCTextureAtlas.m */; };
		74296393154FFDF70066A934 /* CCTextureCache.m in Sources */ = {isa = PBXBuildFile; fileRef = 74296392154FFDF70066A934 /* CCTextureCache.m */; };
		74296396154FFDF70066A934 /* CCTexturePVR.m in Sources */ = {isa = PBXBuildFile; fileRef = 74296395154FFDF70066A934 /* CCTexturePVR.m */; };
		74296399154FFDF70066A934 /* CCTileMapAtlas.m in Sources */ = {isa = PBXBuildFile; fileRef = 74296398154FFDF70066A934 /* CCTileMapAtlas.m */; };
		7429639C154FFDF70066A934 /* CCTMXLayer.m in Sources */ = {isa = PBXBuildFile; fileRef = 7429639B154FFDF70066A934 /* CCTMXLayer.m */; };
		7429639F154FFDF70066A934 /* CCTMXObjectGroup.m in Sources */ = {isa = PBXBuildFile; fileRef = 7429639E154FFDF70066A934 /* CCTMXObjectGroup.m */; };
		742963A2154FFDF70066A934 /* CCTMXTiledMap.m in Sources */ = {isa = PBXBuildFile; fileRef = 742963A1154FFDF70066A934 /* CCTMXTiledMap.m */; };
		742963A5154FFDF70066A934 /* CCTMXXMLParser.m in Sources */ = {isa = PBXBuildFile; fileRef = 742963A4154FFDF70066A934 /* CCTMXXMLParser.m */; };
		742963A8154FFDF70066A934 /* CCTransition.m in Sources */ = {isa = PBXBuildFile; fileRef = 742963A7154FFDF70066A934 /* CCTransition.m */; };
		742963AB154FFDF70066A934 /* CCTransitionPageTurn.m in Sources */ = {isa = PBXBuildFile; fileRef = 742963AA154FFDF70066A934 /* CCTransitionPageTurn.m */; };
		742963AE154FFDF70066A934 /* CCTransitionRadial.m in Sources */ = {isa = PBXBuildFile; fileRef = 742963AD154FFDF70066A934 /* CCTransitionRadial.m */; };
		742963B2154FFDF70066A934 /* cocos2d.m in Sources */ = {isa = PBXBuildFile; fileRef = 742963B1154FFDF70066A934 /* cocos2d.m */; };
		742963B9154FFDF70066A934 /* CCDirectorIOS.m in Sources */ = {isa = PBXBuildFile; fileRef = 742963B8154FFDF70066A934 /* CCDirectorIOS.m */; };
		742963BD154FFDF70066A934 /* CCTouchDispatcher.m in Sources */ = {isa = PBXBuildFile; fileRef = 742963BC154FFDF70066A934 /* CCTouchDispatcher.m */; };
		742963C0154FFDF70066A934 /* CCTouchHandler.m in Sources */ = {isa = PBXBuildFile; fileRef = 742963BF154FFDF70066A934 /* CCTouchHandler.m */; };
		742963C3154FFDF70066A934 /* EAGLView.m in Sources */ = {isa = PBXBuildFile; fileRef = 742963C2154FFDF70066A934 /* EAGLView.m */; };
		742963C6154FFDF70066A934 /* ES1Renderer.m in Sources */ = {isa = PBXBuildFile; fileRef = 742963C5154FFDF70066A934 /* ES1Renderer.m */; };
		742963C9154FFDF70066A934 /* glu.c in Sources */ = {isa = PBXBuildFile; fileRef = 742963C8154FFDF70066A934 /* glu.c */; };
		742963CE154FFDF70066A934 /* CCDirectorMac.m in Sources */ = {isa = PBXBuildFile; fileRef = 742963CD154FFDF70066A934 /* CCDirectorMac.m */; };
		742963D1154FFDF70066A934 /* CCEventDispatcher.m in Sources */ = {isa = PBXBuildFile; fileRef = 742963D0154FFDF70066A934 /* CCEventDispatcher.m */; };
		742963D4154FFDF70066A934 /* MacGLView.m in Sources */ = {isa = PBXBuildFile; fileRef = 742963D3154FFDF70066A934 /* MacGLView.m */; };
		742963D7154FFDF70066A934 /* MacWindow.m in Sources */ = {isa = PBXBuildFile; fileRef = 742963D6154FFDF70066A934 /* MacWindow.m */; };
		742963DA154FFDF70066A934 /* base64.c in Sources */ = {isa = PBXBuildFile; fileRef = 742963D9154FFDF70066A934 /* base64.c */; };
		742963DE154FFDF70066A934 /* CCArray.m in Sources */ = {isa = PBXBuildFile; fileRef = 742963DD154FFDF70066A934 /* CCArray.m */; };
		742963E2154FFDF70066A934 /* CCFileUtils.m in Sources */ = {isa = PBXBuildFile; fileRef = 742963E1154FFDF70066A934 /* CCFileUtils.m */; };
		742963E5154FFDF70066A934 /* CCProfiling.m in Sources */ = {isa = PBXBuildFile; fileRef = 742963E4154FFDF70066A934 /* CCProfiling.m */; };
		742963E7154FFDF70066A934 /* ccUtils.c in Sources */ = {isa = PBXBuildFile; fileRef = 742963E6154FFDF70066A934 /* ccUtils.c */; };
		742963EB154FFDF70066A934 /* CGPointExtension.m in Sources */ = {isa = PBXBuildFile; fileRef = 742963EA154FFDF70066A934 /* CGPointExtension.m */; };
		742963EF154FFDF70066A934 /* TGAlib.m in Sources */ = {isa = PBXBuildFile; fileRef = 742963EE154FFDF70066A934 /* TGAlib.m */; };
		742963F2154FFDF70066A934 /* TransformUtils.m in Sources */ = {isa = PBXBuildFile; fileRef = 742963F1154FFDF70066A934 /* TransformUtils.m */; };
		742963F7154FFDF70066A934 /* ZipUtils.m in Sources */ = {isa = PBXBuildFile; fileRef = 742963F6154FFDF70066A934 /* ZipUtils.m */; };
		742963FC154FFDF70066A934 /* CDAudioManager.m in Sources */ = {isa = PBXBuildFile; fileRef = 742963FB154FFDF70066A934 /* CDAudioManager.m */; };
		74296400154FFDF70066A934 /* CDOpenALSupport.m in Sources */ = {isa = PBXBuildFile; fileRef = 742963FF154FFDF70066A934 /* CDOpenALSupport.m */; };
		74296403154FFDF80066A934 /* CocosDenshion.m in Sources */ = {isa = PBXBuildFile; fileRef = 74296402154FFDF80066A934 /* CocosDenshion.m */; };
		74296406154FFDF80066A934 /* SimpleAudioEngine.m in Sources */ = {isa = PBXBuildFile; fileRef = 74296405154FFDF80066A934 /* SimpleAudioEngine.m */; };
		7429640B154FFDF80066A934 /* CLScoreServerPost.m in Sources */ = {isa = PBXBuildFile; fileRef = 7429640A154FFDF80066A934 /* CLScoreServerPost.m */; };
		7429640E154FFDF80066A934 /* CLScoreServerRequest.m in Sources */ = {isa = PBXBuildFile; fileRef = 7429640D154FFDF80066A934 /* CLScoreServerRequest.m */; };
		74296411154FFDF80066A934 /* cocoslive.m in Sources */ = {isa = PBXBuildFile; fileRef = 74296410154FFDF80066A934 /* cocoslive.m */; };
		74296416154FFDF80066A934 /* CDataScanner.m in Sources */ = {isa = PBXBuildFile; fileRef = 74296415154FFDF80066A934 /* CDataScanner.m */; };
		7429641A154FFDF80066A934 /* CDataScanner_Extensions.m in Sources */ = {isa = PBXBuildFile; fileRef = 74296419154FFDF80066A934 /* CDataScanner_Extensions.m */; };
		7429641D154FFDF80066A934 /* NSDictionary_JSONExtensions.m in Sources */ = {isa = PBXBuildFile; fileRef = 7429641C154FFDF80066A934 /* NSDictionary_JSONExtensions.m */; };
		74296421154FFDF80066A934 /* CJSONDeserializer.m in Sources */ = {isa = PBXBuildFile; fileRef = 74296420154FFDF80066A934 /* CJSONDeserializer.m */; };
		74296424154FFDF80066A934 /* CJSONScanner.m in Sources */ = {isa = PBXBuildFile; fileRef = 74296423154FFDF80066A934 /* CJSONScanner.m */; };
		74296427154FFDF80066A934 /* CJSONSerializer.m in Sources */ = {isa = PBXBuildFile; fileRef = 74296426154FFDF80066A934 /* CJSONSerializer.m */; };
		7429642C154FFDF80066A934 /* FontLabel.m in Sources */ = {isa = PBXBuildFile; fileRef = 7429642B154FFDF80066A934 /* FontLabel.m */; };
		7429642F154FFDF80066A934 /* FontLabelStringDrawing.m in Sources */ = {isa = PBXBuildFile; fileRef = 7429642E154FFDF80066A934 /* FontLabelStringDrawing.m */; };
		74296432154FFDF80066A934 /* FontManager.m in Sources */ = {isa = PBXBuildFile; fileRef = 74296431154FFDF80066A934 /* FontManager.m */; };
		74296435154FFDF80066A934 /* ZAttributedString.m in Sources */ = {isa = PBXBuildFile; fileRef = 74296434154FFDF80066A934 /* ZAttributedString.m */; };
		74296439154FFDF80066A934 /* ZFont.m in Sources */ = {isa = PBXBuildFile; fileRef = 74296438154FFDF80066A934 /* ZFont.m */; };
		7429643E154FFDF80066A934 /* main.m in Sources */ = {isa = PBXBuildFile; fileRef = 7429643D154FFDF80066A934 /* main.m */; };
		74296441154FFDF80066A934 /* AppDelegate.m in Sources */ = {isa = PBXBuildFile; fileRef = 74296440154FFDF80066A934 /* AppDelegate.m */; };
		74296444154FFDF80066A934 /* RootViewController.m in Sources */ = {isa = PBXBuildFile; fileRef = 74296443154FFDF80066A934 /* RootViewController.m */; };
		74296447154FFDF80066A934 /* GameLayer.m in Sources */ = {isa = PBXBuildFile; fileRef = 74296446154FFDF80066A934 /* GameLayer.m */; };
		7429645715502ED90066A934 /* imperial.mp3 in Resources */ = {isa = PBXBuildFile; fileRef = 7429645215502EB00066A934 /* imperial.mp3 */; };
		7429645815502ED90066A934 /* plasma.png in Resources */ = {isa = PBXBuildFile; fileRef = 7429645315502EB00066A934 /* plasma.png */; };
		7429645915502ED90066A934 /* Starjhol.ttf in Resources */ = {isa = PBXBuildFile; fileRef = 7429645415502EB00066A934 /* Starjhol.ttf */; };
		7429645A15502ED90066A934 /* tieFighter.png in Resources */ = {isa = PBXBuildFile; fileRef = 7429645515502EB00066A934 /* tieFighter.png */; };
		7429645B15502ED90066A934 /* xwing.png in Resources */ = {isa = PBXBuildFile; fileRef = 7429645615502EB00066A934 /* xwing.png */; };
		7429645E15504C950066A934 /* GameOverLayer.m in Sources */ = {isa = PBXBuildFile; fileRef = 7429645D15504BF90066A934 /* GameOverLayer.m */; };
/* End PBXBuildFile section */

/* Begin PBXFileReference section */
		742962D6154FFDF50066A934 /* starwars.app */ = {isa = PBXFileReference; explicitFileType = wrapper.application; includeInIndex = 0; path = starwars.app; sourceTree = BUILT_PRODUCTS_DIR; };
		742962DA154FFDF50066A934 /* QuartzCore.framework */ = {isa = PBXFileReference; lastKnownFileType = wrapper.framework; name = QuartzCore.framework; path = System/Library/Frameworks/QuartzCore.framework; sourceTree = SDKROOT; };
		742962DC154FFDF50066A934 /* OpenGLES.framework */ = {isa = PBXFileReference; lastKnownFileType = wrapper.framework; name = OpenGLES.framework; path = System/Library/Frameworks/OpenGLES.framework; sourceTree = SDKROOT; };
		742962DE154FFDF50066A934 /* OpenAL.framework */ = {isa = PBXFileReference; lastKnownFileType = wrapper.framework; name = OpenAL.framework; path = System/Library/Frameworks/OpenAL.framework; sourceTree = SDKROOT; };
		742962E0154FFDF50066A934 /* AudioToolbox.framework */ = {isa = PBXFileReference; lastKnownFileType = wrapper.framework; name = AudioToolbox.framework; path = System/Library/Frameworks/AudioToolbox.framework; sourceTree = SDKROOT; };
		742962E2154FFDF50066A934 /* AVFoundation.framework */ = {isa = PBXFileReference; lastKnownFileType = wrapper.framework; name = AVFoundation.framework; path = System/Library/Frameworks/AVFoundation.framework; sourceTree = SDKROOT; };
		742962E4154FFDF50066A934 /* UIKit.framework */ = {isa = PBXFileReference; lastKnownFileType = wrapper.framework; name = UIKit.framework; path = System/Library/Frameworks/UIKit.framework; sourceTree = SDKROOT; };
		742962E6154FFDF50066A934 /* Foundation.framework */ = {isa = PBXFileReference; lastKnownFileType = wrapper.framework; name = Foundation.framework; path = System/Library/Frameworks/Foundation.framework; sourceTree = SDKROOT; };
		742962E8154FFDF50066A934 /* CoreGraphics.framework */ = {isa = PBXFileReference; lastKnownFileType = wrapper.framework; name = CoreGraphics.framework; path = System/Library/Frameworks/CoreGraphics.framework; sourceTree = SDKROOT; };
		742962EC154FFDF50066A934 /* Default.png */ = {isa = PBXFileReference; lastKnownFileType = image.png; name = Default.png; path = Resources/Default.png; sourceTree = "<group>"; };
		742962EE154FFDF50066A934 /* fps_images.png */ = {isa = PBXFileReference; lastKnownFileType = image.png; name = fps_images.png; path = Resources/fps_images.png; sourceTree = "<group>"; };
		742962F0154FFDF50066A934 /* Icon-72.png */ = {isa = PBXFileReference; lastKnownFileType = image.png; name = "Icon-72.png"; path = "Resources/Icon-72.png"; sourceTree = "<group>"; };
		742962F2154FFDF50066A934 /* Icon-Small-50.png */ = {isa = PBXFileReference; lastKnownFileType = image.png; name = "Icon-Small-50.png"; path = "Resources/Icon-Small-50.png"; sourceTree = "<group>"; };
		742962F4154FFDF50066A934 /* Icon-Small.png */ = {isa = PBXFileReference; lastKnownFileType = image.png; name = "Icon-Small.png"; path = "Resources/Icon-Small.png"; sourceTree = "<group>"; };
		742962F6154FFDF50066A934 /* Icon-Small@2x.png */ = {isa = PBXFileReference; lastKnownFileType = image.png; name = "Icon-Small@2x.png"; path = "Resources/Icon-Small@2x.png"; sourceTree = "<group>"; };
		742962F8154FFDF50066A934 /* Icon.png */ = {isa = PBXFileReference; lastKnownFileType = image.png; name = Icon.png; path = Resources/Icon.png; sourceTree = "<group>"; };
		742962FA154FFDF50066A934 /* Icon@2x.png */ = {isa = PBXFileReference; lastKnownFileType = image.png; name = "Icon@2x.png"; path = "Resources/Icon@2x.png"; sourceTree = "<group>"; };
		742962FC154FFDF50066A934 /* Info.plist */ = {isa = PBXFileReference; lastKnownFileType = text.plist.xml; name = Info.plist; path = Resources/Info.plist; sourceTree = "<group>"; };
		742962FD154FFDF50066A934 /* iTunesArtwork */ = {isa = PBXFileReference; lastKnownFileType = file; name = iTunesArtwork; path = Resources/iTunesArtwork; sourceTree = "<group>"; };
		74296301154FFDF50066A934 /* CCAction.h */ = {isa = PBXFileReference; lastKnownFileType = sourcecode.c.h; name = CCAction.h; path = libs/cocos2d/CCAction.h; sourceTree = "<group>"; };
		74296302154FFDF50066A934 /* CCAction.m */ = {isa = PBXFileReference; lastKnownFileType = sourcecode.c.objc; name = CCAction.m; path = libs/cocos2d/CCAction.m; sourceTree = "<group>"; };
		74296304154FFDF50066A934 /* CCActionCamera.h */ = {isa = PBXFileReference; lastKnownFileType = sourcecode.c.h; name = CCActionCamera.h; path = libs/cocos2d/CCActionCamera.h; sourceTree = "<group>"; };
		74296305154FFDF50066A934 /* CCActionCamera.m */ = {isa = PBXFileReference; lastKnownFileType = sourcecode.c.objc; name = CCActionCamera.m; path = libs/cocos2d/CCActionCamera.m; sourceTree = "<group>"; };
		74296307154FFDF50066A934 /* CCActionEase.h */ = {isa = PBXFileReference; lastKnownFileType = sourcecode.c.h; name = CCActionEase.h; path = libs/cocos2d/CCActionEase.h; sourceTree = "<group>"; };
		74296308154FFDF50066A934 /* CCActionEase.m */ = {isa = PBXFileReference; lastKnownFileType = sourcecode.c.objc; name = CCActionEase.m; path = libs/cocos2d/CCActionEase.m; sourceTree = "<group>"; };
		7429630A154FFDF50066A934 /* CCActionGrid.h */ = {isa = PBXFileReference; lastKnownFileType = sourcecode.c.h; name = CCActionGrid.h; path = libs/cocos2d/CCActionGrid.h; sourceTree = "<group>"; };
		7429630B154FFDF50066A934 /* CCActionGrid.m */ = {isa = PBXFileReference; lastKnownFileType = sourcecode.c.objc; name = CCActionGrid.m; path = libs/cocos2d/CCActionGrid.m; sourceTree = "<group>"; };
		7429630D154FFDF50066A934 /* CCActionGrid3D.h */ = {isa = PBXFileReference; lastKnownFileType = sourcecode.c.h; name = CCActionGrid3D.h; path = libs/cocos2d/CCActionGrid3D.h; sourceTree = "<group>"; };
		7429630E154FFDF50066A934 /* CCActionGrid3D.m */ = {isa = PBXFileReference; lastKnownFileType = sourcecode.c.objc; name = CCActionGrid3D.m; path = libs/cocos2d/CCActionGrid3D.m; sourceTree = "<group>"; };
		74296310154FFDF50066A934 /* CCActionInstant.h */ = {isa = PBXFileReference; lastKnownFileType = sourcecode.c.h; name = CCActionInstant.h; path = libs/cocos2d/CCActionInstant.h; sourceTree = "<group>"; };
		74296311154FFDF50066A934 /* CCActionInstant.m */ = {isa = PBXFileReference; lastKnownFileType = sourcecode.c.objc; name = CCActionInstant.m; path = libs/cocos2d/CCActionInstant.m; sourceTree = "<group>"; };
		74296313154FFDF50066A934 /* CCActionInterval.h */ = {isa = PBXFileReference; lastKnownFileType = sourcecode.c.h; name = CCActionInterval.h; path = libs/cocos2d/CCActionInterval.h; sourceTree = "<group>"; };
		74296314154FFDF50066A934 /* CCActionInterval.m */ = {isa = PBXFileReference; lastKnownFileType = sourcecode.c.objc; name = CCActionInterval.m; path = libs/cocos2d/CCActionInterval.m; sourceTree = "<group>"; };
		74296316154FFDF50066A934 /* CCActionManager.h */ = {isa = PBXFileReference; lastKnownFileType = sourcecode.c.h; name = CCActionManager.h; path = libs/cocos2d/CCActionManager.h; sourceTree = "<group>"; };
		74296317154FFDF50066A934 /* CCActionManager.m */ = {isa = PBXFileReference; lastKnownFileType = sourcecode.c.objc; name = CCActionManager.m; path = libs/cocos2d/CCActionManager.m; sourceTree = "<group>"; };
		74296319154FFDF50066A934 /* CCActionPageTurn3D.h */ = {isa = PBXFileReference; lastKnownFileType = sourcecode.c.h; name = CCActionPageTurn3D.h; path = libs/cocos2d/CCActionPageTurn3D.h; sourceTree = "<group>"; };
		7429631A154FFDF50066A934 /* CCActionPageTurn3D.m */ = {isa = PBXFileReference; lastKnownFileType = sourcecode.c.objc; name = CCActionPageTurn3D.m; path = libs/cocos2d/CCActionPageTurn3D.m; sourceTree = "<group>"; };
		7429631C154FFDF50066A934 /* CCActionProgressTimer.h */ = {isa = PBXFileReference; lastKnownFileType = sourcecode.c.h; name = CCActionProgressTimer.h; path = libs/cocos2d/CCActionProgressTimer.h; sourceTree = "<group>"; };
		7429631D154FFDF50066A934 /* CCActionProgressTimer.m */ = {isa = PBXFileReference; lastKnownFileType = sourcecode.c.objc; name = CCActionProgressTimer.m; path = libs/cocos2d/CCActionProgressTimer.m; sourceTree = "<group>"; };
		7429631F154FFDF50066A934 /* CCActionTiledGrid.h */ = {isa = PBXFileReference; lastKnownFileType = sourcecode.c.h; name = CCActionTiledGrid.h; path = libs/cocos2d/CCActionTiledGrid.h; sourceTree = "<group>"; };
		74296320154FFDF50066A934 /* CCActionTiledGrid.m */ = {isa = PBXFileReference; lastKnownFileType = sourcecode.c.objc; name = CCActionTiledGrid.m; path = libs/cocos2d/CCActionTiledGrid.m; sourceTree = "<group>"; };
		74296322154FFDF50066A934 /* CCActionTween.h */ = {isa = PBXFileReference; lastKnownFileType = sourcecode.c.h; name = CCActionTween.h; path = libs/cocos2d/CCActionTween.h; sourceTree = "<group>"; };
		74296323154FFDF50066A934 /* CCActionTween.m */ = {isa = PBXFileReference; lastKnownFileType = sourcecode.c.objc; name = CCActionTween.m; path = libs/cocos2d/CCActionTween.m; sourceTree = "<group>"; };
		74296325154FFDF50066A934 /* CCAnimation.h */ = {isa = PBXFileReference; lastKnownFileType = sourcecode.c.h; name = CCAnimation.h; path = libs/cocos2d/CCAnimation.h; sourceTree = "<group>"; };
		74296326154FFDF60066A934 /* CCAnimation.m */ = {isa = PBXFileReference; lastKnownFileType = sourcecode.c.objc; name = CCAnimation.m; path = libs/cocos2d/CCAnimation.m; sourceTree = "<group>"; };
		74296328154FFDF60066A934 /* CCAnimationCache.h */ = {isa = PBXFileReference; lastKnownFileType = sourcecode.c.h; name = CCAnimationCache.h; path = libs/cocos2d/CCAnimationCache.h; sourceTree = "<group>"; };
		74296329154FFDF60066A934 /* CCAnimationCache.m */ = {isa = PBXFileReference; lastKnownFileType = sourcecode.c.objc; name = CCAnimationCache.m; path = libs/cocos2d/CCAnimationCache.m; sourceTree = "<group>"; };
		7429632B154FFDF60066A934 /* CCAtlasNode.h */ = {isa = PBXFileReference; lastKnownFileType = sourcecode.c.h; name = CCAtlasNode.h; path = libs/cocos2d/CCAtlasNode.h; sourceTree = "<group>"; };
		7429632C154FFDF60066A934 /* CCAtlasNode.m */ = {isa = PBXFileReference; lastKnownFileType = sourcecode.c.objc; name = CCAtlasNode.m; path = libs/cocos2d/CCAtlasNode.m; sourceTree = "<group>"; };
		7429632E154FFDF60066A934 /* CCBlockSupport.h */ = {isa = PBXFileReference; lastKnownFileType = sourcecode.c.h; name = CCBlockSupport.h; path = libs/cocos2d/CCBlockSupport.h; sourceTree = "<group>"; };
		7429632F154FFDF60066A934 /* CCBlockSupport.m */ = {isa = PBXFileReference; lastKnownFileType = sourcecode.c.objc; name = CCBlockSupport.m; path = libs/cocos2d/CCBlockSupport.m; sourceTree = "<group>"; };
		74296331154FFDF60066A934 /* CCCamera.h */ = {isa = PBXFileReference; lastKnownFileType = sourcecode.c.h; name = CCCamera.h; path = libs/cocos2d/CCCamera.h; sourceTree = "<group>"; };
		74296332154FFDF60066A934 /* CCCamera.m */ = {isa = PBXFileReference; lastKnownFileType = sourcecode.c.objc; name = CCCamera.m; path = libs/cocos2d/CCCamera.m; sourceTree = "<group>"; };
		74296334154FFDF60066A934 /* ccConfig.h */ = {isa = PBXFileReference; lastKnownFileType = sourcecode.c.h; name = ccConfig.h; path = libs/cocos2d/ccConfig.h; sourceTree = "<group>"; };
		74296335154FFDF60066A934 /* CCConfiguration.h */ = {isa = PBXFileReference; lastKnownFileType = sourcecode.c.h; name = CCConfiguration.h; path = libs/cocos2d/CCConfiguration.h; sourceTree = "<group>"; };
		74296336154FFDF60066A934 /* CCConfiguration.m */ = {isa = PBXFileReference; lastKnownFileType = sourcecode.c.objc; name = CCConfiguration.m; path = libs/cocos2d/CCConfiguration.m; sourceTree = "<group>"; };
		74296338154FFDF60066A934 /* CCDirector.h */ = {isa = PBXFileReference; lastKnownFileType = sourcecode.c.h; name = CCDirector.h; path = libs/cocos2d/CCDirector.h; sourceTree = "<group>"; };
		74296339154FFDF60066A934 /* CCDirector.m */ = {isa = PBXFileReference; lastKnownFileType = sourcecode.c.objc; name = CCDirector.m; path = libs/cocos2d/CCDirector.m; sourceTree = "<group>"; };
		7429633B154FFDF60066A934 /* CCDrawingPrimitives.h */ = {isa = PBXFileReference; lastKnownFileType = sourcecode.c.h; name = CCDrawingPrimitives.h; path = libs/cocos2d/CCDrawingPrimitives.h; sourceTree = "<group>"; };
		7429633C154FFDF60066A934 /* CCDrawingPrimitives.m */ = {isa = PBXFileReference; lastKnownFileType = sourcecode.c.objc; name = CCDrawingPrimitives.m; path = libs/cocos2d/CCDrawingPrimitives.m; sourceTree = "<group>"; };
		7429633E154FFDF60066A934 /* CCGrabber.h */ = {isa = PBXFileReference; lastKnownFileType = sourcecode.c.h; name = CCGrabber.h; path = libs/cocos2d/CCGrabber.h; sourceTree = "<group>"; };
		7429633F154FFDF60066A934 /* CCGrabber.m */ = {isa = PBXFileReference; lastKnownFileType = sourcecode.c.objc; name = CCGrabber.m; path = libs/cocos2d/CCGrabber.m; sourceTree = "<group>"; };
		74296341154FFDF60066A934 /* CCGrid.h */ = {isa = PBXFileReference; lastKnownFileType = sourcecode.c.h; name = CCGrid.h; path = libs/cocos2d/CCGrid.h; sourceTree = "<group>"; };
		74296342154FFDF60066A934 /* CCGrid.m */ = {isa = PBXFileReference; lastKnownFileType = sourcecode.c.objc; name = CCGrid.m; path = libs/cocos2d/CCGrid.m; sourceTree = "<group>"; };
		74296344154FFDF60066A934 /* CCLabelAtlas.h */ = {isa = PBXFileReference; lastKnownFileType = sourcecode.c.h; name = CCLabelAtlas.h; path = libs/cocos2d/CCLabelAtlas.h; sourceTree = "<group>"; };
		74296345154FFDF60066A934 /* CCLabelAtlas.m */ = {isa = PBXFileReference; lastKnownFileType = sourcecode.c.objc; name = CCLabelAtlas.m; path = libs/cocos2d/CCLabelAtlas.m; sourceTree = "<group>"; };
		74296347154FFDF60066A934 /* CCLabelBMFont.h */ = {isa = PBXFileReference; lastKnownFileType = sourcecode.c.h; name = CCLabelBMFont.h; path = libs/cocos2d/CCLabelBMFont.h; sourceTree = "<group>"; };
		74296348154FFDF60066A934 /* CCLabelBMFont.m */ = {isa = PBXFileReference; lastKnownFileType = sourcecode.c.objc; name = CCLabelBMFont.m; path = libs/cocos2d/CCLabelBMFont.m; sourceTree = "<group>"; };
		7429634A154FFDF60066A934 /* CCLabelTTF.h */ = {isa = PBXFileReference; lastKnownFileType = sourcecode.c.h; name = CCLabelTTF.h; path = libs/cocos2d/CCLabelTTF.h; sourceTree = "<group>"; };
		7429634B154FFDF60066A934 /* CCLabelTTF.m */ = {isa = PBXFileReference; lastKnownFileType = sourcecode.c.objc; name = CCLabelTTF.m; path = libs/cocos2d/CCLabelTTF.m; sourceTree = "<group>"; };
		7429634D154FFDF60066A934 /* CCLayer.h */ = {isa = PBXFileReference; lastKnownFileType = sourcecode.c.h; name = CCLayer.h; path = libs/cocos2d/CCLayer.h; sourceTree = "<group>"; };
		7429634E154FFDF60066A934 /* CCLayer.m */ = {isa = PBXFileReference; lastKnownFileType = sourcecode.c.objc; name = CCLayer.m; path = libs/cocos2d/CCLayer.m; sourceTree = "<group>"; };
		74296350154FFDF60066A934 /* ccMacros.h */ = {isa = PBXFileReference; lastKnownFileType = sourcecode.c.h; name = ccMacros.h; path = libs/cocos2d/ccMacros.h; sourceTree = "<group>"; };
		74296351154FFDF60066A934 /* CCMenu.h */ = {isa = PBXFileReference; lastKnownFileType = sourcecode.c.h; name = CCMenu.h; path = libs/cocos2d/CCMenu.h; sourceTree = "<group>"; };
		74296352154FFDF60066A934 /* CCMenu.m */ = {isa = PBXFileReference; lastKnownFileType = sourcecode.c.objc; name = CCMenu.m; path = libs/cocos2d/CCMenu.m; sourceTree = "<group>"; };
		74296354154FFDF60066A934 /* CCMenuItem.h */ = {isa = PBXFileReference; lastKnownFileType = sourcecode.c.h; name = CCMenuItem.h; path = libs/cocos2d/CCMenuItem.h; sourceTree = "<group>"; };
		74296355154FFDF60066A934 /* CCMenuItem.m */ = {isa = PBXFileReference; lastKnownFileType = sourcecode.c.objc; name = CCMenuItem.m; path = libs/cocos2d/CCMenuItem.m; sourceTree = "<group>"; };
		74296357154FFDF60066A934 /* CCMotionStreak.h */ = {isa = PBXFileReference; lastKnownFileType = sourcecode.c.h; name = CCMotionStreak.h; path = libs/cocos2d/CCMotionStreak.h; sourceTree = "<group>"; };
		74296358154FFDF60066A934 /* CCMotionStreak.m */ = {isa = PBXFileReference; lastKnownFileType = sourcecode.c.objc; name = CCMotionStreak.m; path = libs/cocos2d/CCMotionStreak.m; sourceTree = "<group>"; };
		7429635A154FFDF60066A934 /* CCNode.h */ = {isa = PBXFileReference; lastKnownFileType = sourcecode.c.h; name = CCNode.h; path = libs/cocos2d/CCNode.h; sourceTree = "<group>"; };
		7429635B154FFDF60066A934 /* CCNode.m */ = {isa = PBXFileReference; lastKnownFileType = sourcecode.c.objc; name = CCNode.m; path = libs/cocos2d/CCNode.m; sourceTree = "<group>"; };
		7429635D154FFDF60066A934 /* CCParallaxNode.h */ = {isa = PBXFileReference; lastKnownFileType = sourcecode.c.h; name = CCParallaxNode.h; path = libs/cocos2d/CCParallaxNode.h; sourceTree = "<group>"; };
		7429635E154FFDF60066A934 /* CCParallaxNode.m */ = {isa = PBXFileReference; lastKnownFileType = sourcecode.c.objc; name = CCParallaxNode.m; path = libs/cocos2d/CCParallaxNode.m; sourceTree = "<group>"; };
		74296360154FFDF60066A934 /* CCParticleBatchNode.h */ = {isa = PBXFileReference; lastKnownFileType = sourcecode.c.h; name = CCParticleBatchNode.h; path = libs/cocos2d/CCParticleBatchNode.h; sourceTree = "<group>"; };
		74296361154FFDF60066A934 /* CCParticleBatchNode.m */ = {isa = PBXFileReference; lastKnownFileType = sourcecode.c.objc; name = CCParticleBatchNode.m; path = libs/cocos2d/CCParticleBatchNode.m; sourceTree = "<group>"; };
		74296363154FFDF60066A934 /* CCParticleExamples.h */ = {isa = PBXFileReference; lastKnownFileType = sourcecode.c.h; name = CCParticleExamples.h; path = libs/cocos2d/CCParticleExamples.h; sourceTree = "<group>"; };
		74296364154FFDF60066A934 /* CCParticleExamples.m */ = {isa = PBXFileReference; lastKnownFileType = sourcecode.c.objc; name = CCParticleExamples.m; path = libs/cocos2d/CCParticleExamples.m; sourceTree = "<group>"; };
		74296366154FFDF60066A934 /* CCParticleSystem.h */ = {isa = PBXFileReference; lastKnownFileType = sourcecode.c.h; name = CCParticleSystem.h; path = libs/cocos2d/CCParticleSystem.h; sourceTree = "<group>"; };
		74296367154FFDF60066A934 /* CCParticleSystem.m */ = {isa = PBXFileReference; lastKnownFileType = sourcecode.c.objc; name = CCParticleSystem.m; path = libs/cocos2d/CCParticleSystem.m; sourceTree = "<group>"; };
		74296369154FFDF60066A934 /* CCParticleSystemPoint.h */ = {isa = PBXFileReference; lastKnownFileType = sourcecode.c.h; name = CCParticleSystemPoint.h; path = libs/cocos2d/CCParticleSystemPoint.h; sourceTree = "<group>"; };
		7429636A154FFDF60066A934 /* CCParticleSystemPoint.m */ = {isa = PBXFileReference; lastKnownFileType = sourcecode.c.objc; name = CCParticleSystemPoint.m; path = libs/cocos2d/CCParticleSystemPoint.m; sourceTree = "<group>"; };
		7429636C154FFDF60066A934 /* CCParticleSystemQuad.h */ = {isa = PBXFileReference; lastKnownFileType = sourcecode.c.h; name = CCParticleSystemQuad.h; path = libs/cocos2d/CCParticleSystemQuad.h; sourceTree = "<group>"; };
		7429636D154FFDF60066A934 /* CCParticleSystemQuad.m */ = {isa = PBXFileReference; lastKnownFileType = sourcecode.c.objc; name = CCParticleSystemQuad.m; path = libs/cocos2d/CCParticleSystemQuad.m; sourceTree = "<group>"; };
		7429636F154FFDF60066A934 /* CCProgressTimer.h */ = {isa = PBXFileReference; lastKnownFileType = sourcecode.c.h; name = CCProgressTimer.h; path = libs/cocos2d/CCProgressTimer.h; sourceTree = "<group>"; };
		74296370154FFDF60066A934 /* CCProgressTimer.m */ = {isa = PBXFileReference; lastKnownFileType = sourcecode.c.objc; name = CCProgressTimer.m; path = libs/cocos2d/CCProgressTimer.m; sourceTree = "<group>"; };
		74296372154FFDF60066A934 /* CCProtocols.h */ = {isa = PBXFileReference; lastKnownFileType = sourcecode.c.h; name = CCProtocols.h; path = libs/cocos2d/CCProtocols.h; sourceTree = "<group>"; };
		74296373154FFDF60066A934 /* CCRenderTexture.h */ = {isa = PBXFileReference; lastKnownFileType = sourcecode.c.h; name = CCRenderTexture.h; path = libs/cocos2d/CCRenderTexture.h; sourceTree = "<group>"; };
		74296374154FFDF60066A934 /* CCRenderTexture.m */ = {isa = PBXFileReference; lastKnownFileType = sourcecode.c.objc; name = CCRenderTexture.m; path = libs/cocos2d/CCRenderTexture.m; sourceTree = "<group>"; };
		74296376154FFDF60066A934 /* CCRibbon.h */ = {isa = PBXFileReference; lastKnownFileType = sourcecode.c.h; name = CCRibbon.h; path = libs/cocos2d/CCRibbon.h; sourceTree = "<group>"; };
		74296377154FFDF60066A934 /* CCRibbon.m */ = {isa = PBXFileReference; lastKnownFileType = sourcecode.c.objc; name = CCRibbon.m; path = libs/cocos2d/CCRibbon.m; sourceTree = "<group>"; };
		74296379154FFDF60066A934 /* CCScene.h */ = {isa = PBXFileReference; lastKnownFileType = sourcecode.c.h; name = CCScene.h; path = libs/cocos2d/CCScene.h; sourceTree = "<group>"; };
		7429637A154FFDF60066A934 /* CCScene.m */ = {isa = PBXFileReference; lastKnownFileType = sourcecode.c.objc; name = CCScene.m; path = libs/cocos2d/CCScene.m; sourceTree = "<group>"; };
		7429637C154FFDF60066A934 /* CCScheduler.h */ = {isa = PBXFileReference; lastKnownFileType = sourcecode.c.h; name = CCScheduler.h; path = libs/cocos2d/CCScheduler.h; sourceTree = "<group>"; };
		7429637D154FFDF60066A934 /* CCScheduler.m */ = {isa = PBXFileReference; lastKnownFileType = sourcecode.c.objc; name = CCScheduler.m; path = libs/cocos2d/CCScheduler.m; sourceTree = "<group>"; };
		7429637F154FFDF60066A934 /* CCSprite.h */ = {isa = PBXFileReference; lastKnownFileType = sourcecode.c.h; name = CCSprite.h; path = libs/cocos2d/CCSprite.h; sourceTree = "<group>"; };
		74296380154FFDF60066A934 /* CCSprite.m */ = {isa = PBXFileReference; lastKnownFileType = sourcecode.c.objc; name = CCSprite.m; path = libs/cocos2d/CCSprite.m; sourceTree = "<group>"; };
		74296382154FFDF60066A934 /* CCSpriteBatchNode.h */ = {isa = PBXFileReference; lastKnownFileType = sourcecode.c.h; name = CCSpriteBatchNode.h; path = libs/cocos2d/CCSpriteBatchNode.h; sourceTree = "<group>"; };
		74296383154FFDF60066A934 /* CCSpriteBatchNode.m */ = {isa = PBXFileReference; lastKnownFileType = sourcecode.c.objc; name = CCSpriteBatchNode.m; path = libs/cocos2d/CCSpriteBatchNode.m; sourceTree = "<group>"; };
		74296385154FFDF60066A934 /* CCSpriteFrame.h */ = {isa = PBXFileReference; lastKnownFileType = sourcecode.c.h; name = CCSpriteFrame.h; path = libs/cocos2d/CCSpriteFrame.h; sourceTree = "<group>"; };
		74296386154FFDF60066A934 /* CCSpriteFrame.m */ = {isa = PBXFileReference; lastKnownFileType = sourcecode.c.objc; name = CCSpriteFrame.m; path = libs/cocos2d/CCSpriteFrame.m; sourceTree = "<group>"; };
		74296388154FFDF60066A934 /* CCSpriteFrameCache.h */ = {isa = PBXFileReference; lastKnownFileType = sourcecode.c.h; name = CCSpriteFrameCache.h; path = libs/cocos2d/CCSpriteFrameCache.h; sourceTree = "<group>"; };
		74296389154FFDF60066A934 /* CCSpriteFrameCache.m */ = {isa = PBXFileReference; lastKnownFileType = sourcecode.c.objc; name = CCSpriteFrameCache.m; path = libs/cocos2d/CCSpriteFrameCache.m; sourceTree = "<group>"; };
		7429638B154FFDF60066A934 /* CCTexture2D.h */ = {isa = PBXFileReference; lastKnownFileType = sourcecode.c.h; name = CCTexture2D.h; path = libs/cocos2d/CCTexture2D.h; sourceTree = "<group>"; };
		7429638C154FFDF60066A934 /* CCTexture2D.m */ = {isa = PBXFileReference; lastKnownFileType = sourcecode.c.objc; name = CCTexture2D.m; path = libs/cocos2d/CCTexture2D.m; sourceTree = "<group>"; };
		7429638E154FFDF60066A934 /* CCTextureAtlas.h */ = {isa = PBXFileReference; lastKnownFileType = sourcecode.c.h; name = CCTextureAtlas.h; path = libs/cocos2d/CCTextureAtlas.h; sourceTree = "<group>"; };
		7429638F154FFDF60066A934 /* CCTextureAtlas.m */ = {isa = PBXFileReference; lastKnownFileType = sourcecode.c.objc; name = CCTextureAtlas.m; path = libs/cocos2d/CCTextureAtlas.m; sourceTree = "<group>"; };
		74296391154FFDF60066A934 /* CCTextureCache.h */ = {isa = PBXFileReference; lastKnownFileType = sourcecode.c.h; name = CCTextureCache.h; path = libs/cocos2d/CCTextureCache.h; sourceTree = "<group>"; };
		74296392154FFDF70066A934 /* CCTextureCache.m */ = {isa = PBXFileReference; lastKnownFileType = sourcecode.c.objc; name = CCTextureCache.m; path = libs/cocos2d/CCTextureCache.m; sourceTree = "<group>"; };
		74296394154FFDF70066A934 /* CCTexturePVR.h */ = {isa = PBXFileReference; lastKnownFileType = sourcecode.c.h; name = CCTexturePVR.h; path = libs/cocos2d/CCTexturePVR.h; sourceTree = "<group>"; };
		74296395154FFDF70066A934 /* CCTexturePVR.m */ = {isa = PBXFileReference; lastKnownFileType = sourcecode.c.objc; name = CCTexturePVR.m; path = libs/cocos2d/CCTexturePVR.m; sourceTree = "<group>"; };
		74296397154FFDF70066A934 /* CCTileMapAtlas.h */ = {isa = PBXFileReference; lastKnownFileType = sourcecode.c.h; name = CCTileMapAtlas.h; path = libs/cocos2d/CCTileMapAtlas.h; sourceTree = "<group>"; };
		74296398154FFDF70066A934 /* CCTileMapAtlas.m */ = {isa = PBXFileReference; lastKnownFileType = sourcecode.c.objc; name = CCTileMapAtlas.m; path = libs/cocos2d/CCTileMapAtlas.m; sourceTree = "<group>"; };
		7429639A154FFDF70066A934 /* CCTMXLayer.h */ = {isa = PBXFileReference; lastKnownFileType = sourcecode.c.h; name = CCTMXLayer.h; path = libs/cocos2d/CCTMXLayer.h; sourceTree = "<group>"; };
		7429639B154FFDF70066A934 /* CCTMXLayer.m */ = {isa = PBXFileReference; lastKnownFileType = sourcecode.c.objc; name = CCTMXLayer.m; path = libs/cocos2d/CCTMXLayer.m; sourceTree = "<group>"; };
		7429639D154FFDF70066A934 /* CCTMXObjectGroup.h */ = {isa = PBXFileReference; lastKnownFileType = sourcecode.c.h; name = CCTMXObjectGroup.h; path = libs/cocos2d/CCTMXObjectGroup.h; sourceTree = "<group>"; };
		7429639E154FFDF70066A934 /* CCTMXObjectGroup.m */ = {isa = PBXFileReference; lastKnownFileType = sourcecode.c.objc; name = CCTMXObjectGroup.m; path = libs/cocos2d/CCTMXObjectGroup.m; sourceTree = "<group>"; };
		742963A0154FFDF70066A934 /* CCTMXTiledMap.h */ = {isa = PBXFileReference; lastKnownFileType = sourcecode.c.h; name = CCTMXTiledMap.h; path = libs/cocos2d/CCTMXTiledMap.h; sourceTree = "<group>"; };
		742963A1154FFDF70066A934 /* CCTMXTiledMap.m */ = {isa = PBXFileReference; lastKnownFileType = sourcecode.c.objc; name = CCTMXTiledMap.m; path = libs/cocos2d/CCTMXTiledMap.m; sourceTree = "<group>"; };
		742963A3154FFDF70066A934 /* CCTMXXMLParser.h */ = {isa = PBXFileReference; lastKnownFileType = sourcecode.c.h; name = CCTMXXMLParser.h; path = libs/cocos2d/CCTMXXMLParser.h; sourceTree = "<group>"; };
		742963A4154FFDF70066A934 /* CCTMXXMLParser.m */ = {isa = PBXFileReference; lastKnownFileType = sourcecode.c.objc; name = CCTMXXMLParser.m; path = libs/cocos2d/CCTMXXMLParser.m; sourceTree = "<group>"; };
		742963A6154FFDF70066A934 /* CCTransition.h */ = {isa = PBXFileReference; lastKnownFileType = sourcecode.c.h; name = CCTransition.h; path = libs/cocos2d/CCTransition.h; sourceTree = "<group>"; };
		742963A7154FFDF70066A934 /* CCTransition.m */ = {isa = PBXFileReference; lastKnownFileType = sourcecode.c.objc; name = CCTransition.m; path = libs/cocos2d/CCTransition.m; sourceTree = "<group>"; };
		742963A9154FFDF70066A934 /* CCTransitionPageTurn.h */ = {isa = PBXFileReference; lastKnownFileType = sourcecode.c.h; name = CCTransitionPageTurn.h; path = libs/cocos2d/CCTransitionPageTurn.h; sourceTree = "<group>"; };
		742963AA154FFDF70066A934 /* CCTransitionPageTurn.m */ = {isa = PBXFileReference; lastKnownFileType = sourcecode.c.objc; name = CCTransitionPageTurn.m; path = libs/cocos2d/CCTransitionPageTurn.m; sourceTree = "<group>"; };
		742963AC154FFDF70066A934 /* CCTransitionRadial.h */ = {isa = PBXFileReference; lastKnownFileType = sourcecode.c.h; name = CCTransitionRadial.h; path = libs/cocos2d/CCTransitionRadial.h; sourceTree = "<group>"; };
		742963AD154FFDF70066A934 /* CCTransitionRadial.m */ = {isa = PBXFileReference; lastKnownFileType = sourcecode.c.objc; name = CCTransitionRadial.m; path = libs/cocos2d/CCTransitionRadial.m; sourceTree = "<group>"; };
		742963AF154FFDF70066A934 /* ccTypes.h */ = {isa = PBXFileReference; lastKnownFileType = sourcecode.c.h; name = ccTypes.h; path = libs/cocos2d/ccTypes.h; sourceTree = "<group>"; };
		742963B0154FFDF70066A934 /* cocos2d.h */ = {isa = PBXFileReference; lastKnownFileType = sourcecode.c.h; name = cocos2d.h; path = libs/cocos2d/cocos2d.h; sourceTree = "<group>"; };
		742963B1154FFDF70066A934 /* cocos2d.m */ = {isa = PBXFileReference; lastKnownFileType = sourcecode.c.objc; name = cocos2d.m; path = libs/cocos2d/cocos2d.m; sourceTree = "<group>"; };
		742963B4154FFDF70066A934 /* CCGL.h */ = {isa = PBXFileReference; lastKnownFileType = sourcecode.c.h; name = CCGL.h; path = libs/cocos2d/Platforms/CCGL.h; sourceTree = "<group>"; };
		742963B5154FFDF70066A934 /* CCNS.h */ = {isa = PBXFileReference; lastKnownFileType = sourcecode.c.h; name = CCNS.h; path = libs/cocos2d/Platforms/CCNS.h; sourceTree = "<group>"; };
		742963B7154FFDF70066A934 /* CCDirectorIOS.h */ = {isa = PBXFileReference; lastKnownFileType = sourcecode.c.h; name = CCDirectorIOS.h; path = libs/cocos2d/Platforms/iOS/CCDirectorIOS.h; sourceTree = "<group>"; };
		742963B8154FFDF70066A934 /* CCDirectorIOS.m */ = {isa = PBXFileReference; lastKnownFileType = sourcecode.c.objc; name = CCDirectorIOS.m; path = libs/cocos2d/Platforms/iOS/CCDirectorIOS.m; sourceTree = "<group>"; };
		742963BA154FFDF70066A934 /* CCTouchDelegateProtocol.h */ = {isa = PBXFileReference; lastKnownFileType = sourcecode.c.h; name = CCTouchDelegateProtocol.h; path = libs/cocos2d/Platforms/iOS/CCTouchDelegateProtocol.h; sourceTree = "<group>"; };
		742963BB154FFDF70066A934 /* CCTouchDispatcher.h */ = {isa = PBXFileReference; lastKnownFileType = sourcecode.c.h; name = CCTouchDispatcher.h; path = libs/cocos2d/Platforms/iOS/CCTouchDispatcher.h; sourceTree = "<group>"; };
		742963BC154FFDF70066A934 /* CCTouchDispatcher.m */ = {isa = PBXFileReference; lastKnownFileType = sourcecode.c.objc; name = CCTouchDispatcher.m; path = libs/cocos2d/Platforms/iOS/CCTouchDispatcher.m; sourceTree = "<group>"; };
		742963BE154FFDF70066A934 /* CCTouchHandler.h */ = {isa = PBXFileReference; lastKnownFileType = sourcecode.c.h; name = CCTouchHandler.h; path = libs/cocos2d/Platforms/iOS/CCTouchHandler.h; sourceTree = "<group>"; };
		742963BF154FFDF70066A934 /* CCTouchHandler.m */ = {isa = PBXFileReference; lastKnownFileType = sourcecode.c.objc; name = CCTouchHandler.m; path = libs/cocos2d/Platforms/iOS/CCTouchHandler.m; sourceTree = "<group>"; };
		742963C1154FFDF70066A934 /* EAGLView.h */ = {isa = PBXFileReference; lastKnownFileType = sourcecode.c.h; name = EAGLView.h; path = libs/cocos2d/Platforms/iOS/EAGLView.h; sourceTree = "<group>"; };
		742963C2154FFDF70066A934 /* EAGLView.m */ = {isa = PBXFileReference; lastKnownFileType = sourcecode.c.objc; name = EAGLView.m; path = libs/cocos2d/Platforms/iOS/EAGLView.m; sourceTree = "<group>"; };
		742963C4154FFDF70066A934 /* ES1Renderer.h */ = {isa = PBXFileReference; lastKnownFileType = sourcecode.c.h; name = ES1Renderer.h; path = libs/cocos2d/Platforms/iOS/ES1Renderer.h; sourceTree = "<group>"; };
		742963C5154FFDF70066A934 /* ES1Renderer.m */ = {isa = PBXFileReference; lastKnownFileType = sourcecode.c.objc; name = ES1Renderer.m; path = libs/cocos2d/Platforms/iOS/ES1Renderer.m; sourceTree = "<group>"; };
		742963C7154FFDF70066A934 /* ESRenderer.h */ = {isa = PBXFileReference; lastKnownFileType = sourcecode.c.h; name = ESRenderer.h; path = libs/cocos2d/Platforms/iOS/ESRenderer.h; sourceTree = "<group>"; };
		742963C8154FFDF70066A934 /* glu.c */ = {isa = PBXFileReference; lastKnownFileType = sourcecode.c.c; name = glu.c; path = libs/cocos2d/Platforms/iOS/glu.c; sourceTree = "<group>"; };
		742963CA154FFDF70066A934 /* glu.h */ = {isa = PBXFileReference; lastKnownFileType = sourcecode.c.h; name = glu.h; path = libs/cocos2d/Platforms/iOS/glu.h; sourceTree = "<group>"; };
		742963CC154FFDF70066A934 /* CCDirectorMac.h */ = {isa = PBXFileReference; lastKnownFileType = sourcecode.c.h; name = CCDirectorMac.h; path = libs/cocos2d/Platforms/Mac/CCDirectorMac.h; sourceTree = "<group>"; };
		742963CD154FFDF70066A934 /* CCDirectorMac.m */ = {isa = PBXFileReference; lastKnownFileType = sourcecode.c.objc; name = CCDirectorMac.m; path = libs/cocos2d/Platforms/Mac/CCDirectorMac.m; sourceTree = "<group>"; };
		742963CF154FFDF70066A934 /* CCEventDispatcher.h */ = {isa = PBXFileReference; lastKnownFileType = sourcecode.c.h; name = CCEventDispatcher.h; path = libs/cocos2d/Platforms/Mac/CCEventDispatcher.h; sourceTree = "<group>"; };
		742963D0154FFDF70066A934 /* CCEventDispatcher.m */ = {isa = PBXFileReference; lastKnownFileType = sourcecode.c.objc; name = CCEventDispatcher.m; path = libs/cocos2d/Platforms/Mac/CCEventDispatcher.m; sourceTree = "<group>"; };
		742963D2154FFDF70066A934 /* MacGLView.h */ = {isa = PBXFileReference; lastKnownFileType = sourcecode.c.h; name = MacGLView.h; path = libs/cocos2d/Platforms/Mac/MacGLView.h; sourceTree = "<group>"; };
		742963D3154FFDF70066A934 /* MacGLView.m */ = {isa = PBXFileReference; lastKnownFileType = sourcecode.c.objc; name = MacGLView.m; path = libs/cocos2d/Platforms/Mac/MacGLView.m; sourceTree = "<group>"; };
		742963D5154FFDF70066A934 /* MacWindow.h */ = {isa = PBXFileReference; lastKnownFileType = sourcecode.c.h; name = MacWindow.h; path = libs/cocos2d/Platforms/Mac/MacWindow.h; sourceTree = "<group>"; };
		742963D6154FFDF70066A934 /* MacWindow.m */ = {isa = PBXFileReference; lastKnownFileType = sourcecode.c.objc; name = MacWindow.m; path = libs/cocos2d/Platforms/Mac/MacWindow.m; sourceTree = "<group>"; };
		742963D9154FFDF70066A934 /* base64.c */ = {isa = PBXFileReference; lastKnownFileType = sourcecode.c.c; name = base64.c; path = libs/cocos2d/Support/base64.c; sourceTree = "<group>"; };
		742963DB154FFDF70066A934 /* base64.h */ = {isa = PBXFileReference; lastKnownFileType = sourcecode.c.h; name = base64.h; path = libs/cocos2d/Support/base64.h; sourceTree = "<group>"; };
		742963DC154FFDF70066A934 /* CCArray.h */ = {isa = PBXFileReference; lastKnownFileType = sourcecode.c.h; name = CCArray.h; path = libs/cocos2d/Support/CCArray.h; sourceTree = "<group>"; };
		742963DD154FFDF70066A934 /* CCArray.m */ = {isa = PBXFileReference; lastKnownFileType = sourcecode.c.objc; name = CCArray.m; path = libs/cocos2d/Support/CCArray.m; sourceTree = "<group>"; };
		742963DF154FFDF70066A934 /* ccCArray.h */ = {isa = PBXFileReference; lastKnownFileType = sourcecode.c.h; name = ccCArray.h; path = libs/cocos2d/Support/ccCArray.h; sourceTree = "<group>"; };
		742963E0154FFDF70066A934 /* CCFileUtils.h */ = {isa = PBXFileReference; lastKnownFileType = sourcecode.c.h; name = CCFileUtils.h; path = libs/cocos2d/Support/CCFileUtils.h; sourceTree = "<group>"; };
		742963E1154FFDF70066A934 /* CCFileUtils.m */ = {isa = PBXFileReference; lastKnownFileType = sourcecode.c.objc; name = CCFileUtils.m; path = libs/cocos2d/Support/CCFileUtils.m; sourceTree = "<group>"; };
		742963E3154FFDF70066A934 /* CCProfiling.h */ = {isa = PBXFileReference; lastKnownFileType = sourcecode.c.h; name = CCProfiling.h; path = libs/cocos2d/Support/CCProfiling.h; sourceTree = "<group>"; };
		742963E4154FFDF70066A934 /* CCProfiling.m */ = {isa = PBXFileReference; lastKnownFileType = sourcecode.c.objc; name = CCProfiling.m; path = libs/cocos2d/Support/CCProfiling.m; sourceTree = "<group>"; };
		742963E6154FFDF70066A934 /* ccUtils.c */ = {isa = PBXFileReference; lastKnownFileType = sourcecode.c.c; name = ccUtils.c; path = libs/cocos2d/Support/ccUtils.c; sourceTree = "<group>"; };
		742963E8154FFDF70066A934 /* ccUtils.h */ = {isa = PBXFileReference; lastKnownFileType = sourcecode.c.h; name = ccUtils.h; path = libs/cocos2d/Support/ccUtils.h; sourceTree = "<group>"; };
		742963E9154FFDF70066A934 /* CGPointExtension.h */ = {isa = PBXFileReference; lastKnownFileType = sourcecode.c.h; name = CGPointExtension.h; path = libs/cocos2d/Support/CGPointExtension.h; sourceTree = "<group>"; };
		742963EA154FFDF70066A934 /* CGPointExtension.m */ = {isa = PBXFileReference; lastKnownFileType = sourcecode.c.objc; name = CGPointExtension.m; path = libs/cocos2d/Support/CGPointExtension.m; sourceTree = "<group>"; };
		742963EC154FFDF70066A934 /* OpenGL_Internal.h */ = {isa = PBXFileReference; lastKnownFileType = sourcecode.c.h; name = OpenGL_Internal.h; path = libs/cocos2d/Support/OpenGL_Internal.h; sourceTree = "<group>"; };
		742963ED154FFDF70066A934 /* TGAlib.h */ = {isa = PBXFileReference; lastKnownFileType = sourcecode.c.h; name = TGAlib.h; path = libs/cocos2d/Support/TGAlib.h; sourceTree = "<group>"; };
		742963EE154FFDF70066A934 /* TGAlib.m */ = {isa = PBXFileReference; lastKnownFileType = sourcecode.c.objc; name = TGAlib.m; path = libs/cocos2d/Support/TGAlib.m; sourceTree = "<group>"; };
		742963F0154FFDF70066A934 /* TransformUtils.h */ = {isa = PBXFileReference; lastKnownFileType = sourcecode.c.h; name = TransformUtils.h; path = libs/cocos2d/Support/TransformUtils.h; sourceTree = "<group>"; };
		742963F1154FFDF70066A934 /* TransformUtils.m */ = {isa = PBXFileReference; lastKnownFileType = sourcecode.c.objc; name = TransformUtils.m; path = libs/cocos2d/Support/TransformUtils.m; sourceTree = "<group>"; };
		742963F3154FFDF70066A934 /* uthash.h */ = {isa = PBXFileReference; lastKnownFileType = sourcecode.c.h; name = uthash.h; path = libs/cocos2d/Support/uthash.h; sourceTree = "<group>"; };
		742963F4154FFDF70066A934 /* utlist.h */ = {isa = PBXFileReference; lastKnownFileType = sourcecode.c.h; name = utlist.h; path = libs/cocos2d/Support/utlist.h; sourceTree = "<group>"; };
		742963F5154FFDF70066A934 /* ZipUtils.h */ = {isa = PBXFileReference; lastKnownFileType = sourcecode.c.h; name = ZipUtils.h; path = libs/cocos2d/Support/ZipUtils.h; sourceTree = "<group>"; };
		742963F6154FFDF70066A934 /* ZipUtils.m */ = {isa = PBXFileReference; lastKnownFileType = sourcecode.c.objc; name = ZipUtils.m; path = libs/cocos2d/Support/ZipUtils.m; sourceTree = "<group>"; };
		742963F8154FFDF70066A934 /* LICENSE_cocos2d.txt */ = {isa = PBXFileReference; lastKnownFileType = text; name = LICENSE_cocos2d.txt; path = libs/LICENSE_cocos2d.txt; sourceTree = "<group>"; };
		742963FA154FFDF70066A934 /* CDAudioManager.h */ = {isa = PBXFileReference; lastKnownFileType = sourcecode.c.h; name = CDAudioManager.h; path = libs/CocosDenshion/CDAudioManager.h; sourceTree = "<group>"; };
		742963FB154FFDF70066A934 /* CDAudioManager.m */ = {isa = PBXFileReference; lastKnownFileType = sourcecode.c.objc; name = CDAudioManager.m; path = libs/CocosDenshion/CDAudioManager.m; sourceTree = "<group>"; };
		742963FD154FFDF70066A934 /* CDConfig.h */ = {isa = PBXFileReference; lastKnownFileType = sourcecode.c.h; name = CDConfig.h; path = libs/CocosDenshion/CDConfig.h; sourceTree = "<group>"; };
		742963FE154FFDF70066A934 /* CDOpenALSupport.h */ = {isa = PBXFileReference; lastKnownFileType = sourcecode.c.h; name = CDOpenALSupport.h; path = libs/CocosDenshion/CDOpenALSupport.h; sourceTree = "<group>"; };
		742963FF154FFDF70066A934 /* CDOpenALSupport.m */ = {isa = PBXFileReference; lastKnownFileType = sourcecode.c.objc; name = CDOpenALSupport.m; path = libs/CocosDenshion/CDOpenALSupport.m; sourceTree = "<group>"; };
		74296401154FFDF70066A934 /* CocosDenshion.h */ = {isa = PBXFileReference; lastKnownFileType = sourcecode.c.h; name = CocosDenshion.h; path = libs/CocosDenshion/CocosDenshion.h; sourceTree = "<group>"; };
		74296402154FFDF80066A934 /* CocosDenshion.m */ = {isa = PBXFileReference; lastKnownFileType = sourcecode.c.objc; name = CocosDenshion.m; path = libs/CocosDenshion/CocosDenshion.m; sourceTree = "<group>"; };
		74296404154FFDF80066A934 /* SimpleAudioEngine.h */ = {isa = PBXFileReference; lastKnownFileType = sourcecode.c.h; name = SimpleAudioEngine.h; path = libs/CocosDenshion/SimpleAudioEngine.h; sourceTree = "<group>"; };
		74296405154FFDF80066A934 /* SimpleAudioEngine.m */ = {isa = PBXFileReference; lastKnownFileType = sourcecode.c.objc; name = SimpleAudioEngine.m; path = libs/CocosDenshion/SimpleAudioEngine.m; sourceTree = "<group>"; };
		74296407154FFDF80066A934 /* LICENSE_CocosDenshion.txt */ = {isa = PBXFileReference; lastKnownFileType = text; name = LICENSE_CocosDenshion.txt; path = libs/LICENSE_CocosDenshion.txt; sourceTree = "<group>"; };
		74296409154FFDF80066A934 /* CLScoreServerPost.h */ = {isa = PBXFileReference; lastKnownFileType = sourcecode.c.h; name = CLScoreServerPost.h; path = libs/cocoslive/CLScoreServerPost.h; sourceTree = "<group>"; };
		7429640A154FFDF80066A934 /* CLScoreServerPost.m */ = {isa = PBXFileReference; lastKnownFileType = sourcecode.c.objc; name = CLScoreServerPost.m; path = libs/cocoslive/CLScoreServerPost.m; sourceTree = "<group>"; };
		7429640C154FFDF80066A934 /* CLScoreServerRequest.h */ = {isa = PBXFileReference; lastKnownFileType = sourcecode.c.h; name = CLScoreServerRequest.h; path = libs/cocoslive/CLScoreServerRequest.h; sourceTree = "<group>"; };
		7429640D154FFDF80066A934 /* CLScoreServerRequest.m */ = {isa = PBXFileReference; lastKnownFileType = sourcecode.c.objc; name = CLScoreServerRequest.m; path = libs/cocoslive/CLScoreServerRequest.m; sourceTree = "<group>"; };
		7429640F154FFDF80066A934 /* cocoslive.h */ = {isa = PBXFileReference; lastKnownFileType = sourcecode.c.h; name = cocoslive.h; path = libs/cocoslive/cocoslive.h; sourceTree = "<group>"; };
		74296410154FFDF80066A934 /* cocoslive.m */ = {isa = PBXFileReference; lastKnownFileType = sourcecode.c.objc; name = cocoslive.m; path = libs/cocoslive/cocoslive.m; sourceTree = "<group>"; };
		74296412154FFDF80066A934 /* LICENSE_TouchJSON.txt */ = {isa = PBXFileReference; lastKnownFileType = text; name = LICENSE_TouchJSON.txt; path = libs/LICENSE_TouchJSON.txt; sourceTree = "<group>"; };
		74296414154FFDF80066A934 /* CDataScanner.h */ = {isa = PBXFileReference; lastKnownFileType = sourcecode.c.h; name = CDataScanner.h; path = libs/TouchJSON/CDataScanner.h; sourceTree = "<group>"; };
		74296415154FFDF80066A934 /* CDataScanner.m */ = {isa = PBXFileReference; lastKnownFileType = sourcecode.c.objc; name = CDataScanner.m; path = libs/TouchJSON/CDataScanner.m; sourceTree = "<group>"; };
		74296418154FFDF80066A934 /* CDataScanner_Extensions.h */ = {isa = PBXFileReference; lastKnownFileType = sourcecode.c.h; name = CDataScanner_Extensions.h; path = libs/TouchJSON/Extensions/CDataScanner_Extensions.h; sourceTree = "<group>"; };
		74296419154FFDF80066A934 /* CDataScanner_Extensions.m */ = {isa = PBXFileReference; lastKnownFileType = sourcecode.c.objc; name = CDataScanner_Extensions.m; path = libs/TouchJSON/Extensions/CDataScanner_Extensions.m; sourceTree = "<group>"; };
		7429641B154FFDF80066A934 /* NSDictionary_JSONExtensions.h */ = {isa = PBXFileReference; lastKnownFileType = sourcecode.c.h; name = NSDictionary_JSONExtensions.h; path = libs/TouchJSON/Extensions/NSDictionary_JSONExtensions.h; sourceTree = "<group>"; };
		7429641C154FFDF80066A934 /* NSDictionary_JSONExtensions.m */ = {isa = PBXFileReference; lastKnownFileType = sourcecode.c.objc; name = NSDictionary_JSONExtensions.m; path = libs/TouchJSON/Extensions/NSDictionary_JSONExtensions.m; sourceTree = "<group>"; };
		7429641F154FFDF80066A934 /* CJSONDeserializer.h */ = {isa = PBXFileReference; lastKnownFileType = sourcecode.c.h; name = CJSONDeserializer.h; path = libs/TouchJSON/JSON/CJSONDeserializer.h; sourceTree = "<group>"; };
		74296420154FFDF80066A934 /* CJSONDeserializer.m */ = {isa = PBXFileReference; lastKnownFileType = sourcecode.c.objc; name = CJSONDeserializer.m; path = libs/TouchJSON/JSON/CJSONDeserializer.m; sourceTree = "<group>"; };
		74296422154FFDF80066A934 /* CJSONScanner.h */ = {isa = PBXFileReference; lastKnownFileType = sourcecode.c.h; name = CJSONScanner.h; path = libs/TouchJSON/JSON/CJSONScanner.h; sourceTree = "<group>"; };
		74296423154FFDF80066A934 /* CJSONScanner.m */ = {isa = PBXFileReference; lastKnownFileType = sourcecode.c.objc; name = CJSONScanner.m; path = libs/TouchJSON/JSON/CJSONScanner.m; sourceTree = "<group>"; };
		74296425154FFDF80066A934 /* CJSONSerializer.h */ = {isa = PBXFileReference; lastKnownFileType = sourcecode.c.h; name = CJSONSerializer.h; path = libs/TouchJSON/JSON/CJSONSerializer.h; sourceTree = "<group>"; };
		74296426154FFDF80066A934 /* CJSONSerializer.m */ = {isa = PBXFileReference; lastKnownFileType = sourcecode.c.objc; name = CJSONSerializer.m; path = libs/TouchJSON/JSON/CJSONSerializer.m; sourceTree = "<group>"; };
		74296428154FFDF80066A934 /* JSONRepresentation.h */ = {isa = PBXFileReference; lastKnownFileType = sourcecode.c.h; name = JSONRepresentation.h; path = libs/TouchJSON/JSON/JSONRepresentation.h; sourceTree = "<group>"; };
		7429642A154FFDF80066A934 /* FontLabel.h */ = {isa = PBXFileReference; lastKnownFileType = sourcecode.c.h; name = FontLabel.h; path = libs/FontLabel/FontLabel.h; sourceTree = "<group>"; };
		7429642B154FFDF80066A934 /* FontLabel.m */ = {isa = PBXFileReference; lastKnownFileType = sourcecode.c.objc; name = FontLabel.m; path = libs/FontLabel/FontLabel.m; sourceTree = "<group>"; };
		7429642D154FFDF80066A934 /* FontLabelStringDrawing.h */ = {isa = PBXFileReference; lastKnownFileType = sourcecode.c.h; name = FontLabelStringDrawing.h; path = libs/FontLabel/FontLabelStringDrawing.h; sourceTree = "<group>"; };
		7429642E154FFDF80066A934 /* FontLabelStringDrawing.m */ = {isa = PBXFileReference; lastKnownFileType = sourcecode.c.objc; name = FontLabelStringDrawing.m; path = libs/FontLabel/FontLabelStringDrawing.m; sourceTree = "<group>"; };
		74296430154FFDF80066A934 /* FontManager.h */ = {isa = PBXFileReference; lastKnownFileType = sourcecode.c.h; name = FontManager.h; path = libs/FontLabel/FontManager.h; sourceTree = "<group>"; };
		74296431154FFDF80066A934 /* FontManager.m */ = {isa = PBXFileReference; lastKnownFileType = sourcecode.c.objc; name = FontManager.m; path = libs/FontLabel/FontManager.m; sourceTree = "<group>"; };
		74296433154FFDF80066A934 /* ZAttributedString.h */ = {isa = PBXFileReference; lastKnownFileType = sourcecode.c.h; name = ZAttributedString.h; path = libs/FontLabel/ZAttributedString.h; sourceTree = "<group>"; };
		74296434154FFDF80066A934 /* ZAttributedString.m */ = {isa = PBXFileReference; lastKnownFileType = sourcecode.c.objc; name = ZAttributedString.m; path = libs/FontLabel/ZAttributedString.m; sourceTree = "<group>"; };
		74296436154FFDF80066A934 /* ZAttributedStringPrivate.h */ = {isa = PBXFileReference; lastKnownFileType = sourcecode.c.h; name = ZAttributedStringPrivate.h; path = libs/FontLabel/ZAttributedStringPrivate.h; sourceTree = "<group>"; };
		74296437154FFDF80066A934 /* ZFont.h */ = {isa = PBXFileReference; lastKnownFileType = sourcecode.c.h; name = ZFont.h; path = libs/FontLabel/ZFont.h; sourceTree = "<group>"; };
		74296438154FFDF80066A934 /* ZFont.m */ = {isa = PBXFileReference; lastKnownFileType = sourcecode.c.objc; name = ZFont.m; path = libs/FontLabel/ZFont.m; sourceTree = "<group>"; };
		7429643A154FFDF80066A934 /* LICENSE_FontLabel.txt */ = {isa = PBXFileReference; lastKnownFileType = text; name = LICENSE_FontLabel.txt; path = libs/LICENSE_FontLabel.txt; sourceTree = "<group>"; };
		7429643C154FFDF80066A934 /* Prefix.pch */ = {isa = PBXFileReference; lastKnownFileType = sourcecode.c.h; path = Prefix.pch; sourceTree = "<group>"; };
		7429643D154FFDF80066A934 /* main.m */ = {isa = PBXFileReference; lastKnownFileType = sourcecode.c.objc; path = main.m; sourceTree = "<group>"; };
		7429643F154FFDF80066A934 /* AppDelegate.h */ = {isa = PBXFileReference; lastKnownFileType = sourcecode.c.h; path = AppDelegate.h; sourceTree = "<group>"; };
		74296440154FFDF80066A934 /* AppDelegate.m */ = {isa = PBXFileReference; lastKnownFileType = sourcecode.c.objc; path = AppDelegate.m; sourceTree = "<group>"; };
		74296442154FFDF80066A934 /* RootViewController.h */ = {isa = PBXFileReference; lastKnownFileType = sourcecode.c.h; path = RootViewController.h; sourceTree = "<group>"; };
		74296443154FFDF80066A934 /* RootViewController.m */ = {isa = PBXFileReference; lastKnownFileType = sourcecode.c.objc; path = RootViewController.m; sourceTree = "<group>"; };
		74296445154FFDF80066A934 /* GameLayer.h */ = {isa = PBXFileReference; lastKnownFileType = sourcecode.c.h; path = GameLayer.h; sourceTree = "<group>"; };
		74296446154FFDF80066A934 /* GameLayer.m */ = {isa = PBXFileReference; lastKnownFileType = sourcecode.c.objc; path = GameLayer.m; sourceTree = "<group>"; };
		74296448154FFDF80066A934 /* GameConfig.h */ = {isa = PBXFileReference; lastKnownFileType = sourcecode.c.h; path = GameConfig.h; sourceTree = "<group>"; };
		7429645215502EB00066A934 /* imperial.mp3 */ = {isa = PBXFileReference; lastKnownFileType = audio.mp3; path = imperial.mp3; sourceTree = "<group>"; };
		7429645315502EB00066A934 /* plasma.png */ = {isa = PBXFileReference; lastKnownFileType = image.png; path = plasma.png; sourceTree = "<group>"; };
		7429645415502EB00066A934 /* Starjhol.ttf */ = {isa = PBXFileReference; lastKnownFileType = file; path = Starjhol.ttf; sourceTree = "<group>"; };
		7429645515502EB00066A934 /* tieFighter.png */ = {isa = PBXFileReference; lastKnownFileType = image.png; path = tieFighter.png; sourceTree = "<group>"; };
		7429645615502EB00066A934 /* xwing.png */ = {isa = PBXFileReference; lastKnownFileType = image.png; path = xwing.png; sourceTree = "<group>"; };
		7429645C15504BF90066A934 /* GameOverLayer.h */ = {isa = PBXFileReference; lastKnownFileType = sourcecode.c.h; path = GameOverLayer.h; sourceTree = "<group>"; };
		7429645D15504BF90066A934 /* GameOverLayer.m */ = {isa = PBXFileReference; lastKnownFileType = sourcecode.c.objc; path = GameOverLayer.m; sourceTree = "<group>"; };
/* End PBXFileReference section */

/* Begin PBXFrameworksBuildPhase section */
		742962D3154FFDF50066A934 /* Frameworks */ = {
			isa = PBXFrameworksBuildPhase;
			buildActionMask = 2147483647;
			files = (
				742962DB154FFDF50066A934 /* QuartzCore.framework in Frameworks */,
				742962DD154FFDF50066A934 /* OpenGLES.framework in Frameworks */,
				742962DF154FFDF50066A934 /* OpenAL.framework in Frameworks */,
				742962E1154FFDF50066A934 /* AudioToolbox.framework in Frameworks */,
				742962E3154FFDF50066A934 /* AVFoundation.framework in Frameworks */,
				742962E5154FFDF50066A934 /* UIKit.framework in Frameworks */,
				742962E7154FFDF50066A934 /* Foundation.framework in Frameworks */,
				742962E9154FFDF50066A934 /* CoreGraphics.framework in Frameworks */,
			);
			runOnlyForDeploymentPostprocessing = 0;
		};
/* End PBXFrameworksBuildPhase section */

/* Begin PBXGroup section */
		742962CB154FFDF50066A934 = {
			isa = PBXGroup;
			children = (
				742962EA154FFDF50066A934 /* starwars */,
				742962D9154FFDF50066A934 /* Frameworks */,
				742962D7154FFDF50066A934 /* Products */,
			);
			sourceTree = "<group>";
		};
		742962D7154FFDF50066A934 /* Products */ = {
			isa = PBXGroup;
			children = (
				742962D6154FFDF50066A934 /* starwars.app */,
			);
			name = Products;
			sourceTree = "<group>";
		};
		742962D9154FFDF50066A934 /* Frameworks */ = {
			isa = PBXGroup;
			children = (
				742962DA154FFDF50066A934 /* QuartzCore.framework */,
				742962DC154FFDF50066A934 /* OpenGLES.framework */,
				742962DE154FFDF50066A934 /* OpenAL.framework */,
				742962E0154FFDF50066A934 /* AudioToolbox.framework */,
				742962E2154FFDF50066A934 /* AVFoundation.framework */,
				742962E4154FFDF50066A934 /* UIKit.framework */,
				742962E6154FFDF50066A934 /* Foundation.framework */,
				742962E8154FFDF50066A934 /* CoreGraphics.framework */,
			);
			name = Frameworks;
			sourceTree = "<group>";
		};
		742962EA154FFDF50066A934 /* starwars */ = {
			isa = PBXGroup;
			children = (
				7429643F154FFDF80066A934 /* AppDelegate.h */,
				74296440154FFDF80066A934 /* AppDelegate.m */,
				74296442154FFDF80066A934 /* RootViewController.h */,
				74296443154FFDF80066A934 /* RootViewController.m */,
				74296445154FFDF80066A934 /* GameLayer.h */,
				74296446154FFDF80066A934 /* GameLayer.m */,
				7429645C15504BF90066A934 /* GameOverLayer.h */,
				7429645D15504BF90066A934 /* GameOverLayer.m */,
				74296448154FFDF80066A934 /* GameConfig.h */,
				742962EB154FFDF50066A934 /* Resources */,
				742962FF154FFDF50066A934 /* libs */,
				7429643B154FFDF80066A934 /* Supporting Files */,
			);
			path = starwars;
			sourceTree = "<group>";
		};
		742962EB154FFDF50066A934 /* Resources */ = {
			isa = PBXGroup;
			children = (
				7429645215502EB00066A934 /* imperial.mp3 */,
				7429645315502EB00066A934 /* plasma.png */,
				7429645415502EB00066A934 /* Starjhol.ttf */,
				7429645515502EB00066A934 /* tieFighter.png */,
				7429645615502EB00066A934 /* xwing.png */,
				742962EC154FFDF50066A934 /* Default.png */,
				742962EE154FFDF50066A934 /* fps_images.png */,
				742962F0154FFDF50066A934 /* Icon-72.png */,
				742962F2154FFDF50066A934 /* Icon-Small-50.png */,
				742962F4154FFDF50066A934 /* Icon-Small.png */,
				742962F6154FFDF50066A934 /* Icon-Small@2x.png */,
				742962F8154FFDF50066A934 /* Icon.png */,
				742962FA154FFDF50066A934 /* Icon@2x.png */,
				742962FC154FFDF50066A934 /* Info.plist */,
				742962FD154FFDF50066A934 /* iTunesArtwork */,
			);
			name = Resources;
			sourceTree = "<group>";
		};
		742962FF154FFDF50066A934 /* libs */ = {
			isa = PBXGroup;
			children = (
				742963F8154FFDF70066A934 /* LICENSE_cocos2d.txt */,
				74296407154FFDF80066A934 /* LICENSE_CocosDenshion.txt */,
				74296412154FFDF80066A934 /* LICENSE_TouchJSON.txt */,
				7429643A154FFDF80066A934 /* LICENSE_FontLabel.txt */,
				74296300154FFDF50066A934 /* cocos2d */,
				742963F9154FFDF70066A934 /* CocosDenshion */,
				74296408154FFDF80066A934 /* cocoslive */,
				74296413154FFDF80066A934 /* TouchJSON */,
				74296429154FFDF80066A934 /* FontLabel */,
			);
			name = libs;
			sourceTree = "<group>";
		};
		74296300154FFDF50066A934 /* cocos2d */ = {
			isa = PBXGroup;
			children = (
				74296301154FFDF50066A934 /* CCAction.h */,
				74296302154FFDF50066A934 /* CCAction.m */,
				74296304154FFDF50066A934 /* CCActionCamera.h */,
				74296305154FFDF50066A934 /* CCActionCamera.m */,
				74296307154FFDF50066A934 /* CCActionEase.h */,
				74296308154FFDF50066A934 /* CCActionEase.m */,
				7429630A154FFDF50066A934 /* CCActionGrid.h */,
				7429630B154FFDF50066A934 /* CCActionGrid.m */,
				7429630D154FFDF50066A934 /* CCActionGrid3D.h */,
				7429630E154FFDF50066A934 /* CCActionGrid3D.m */,
				74296310154FFDF50066A934 /* CCActionInstant.h */,
				74296311154FFDF50066A934 /* CCActionInstant.m */,
				74296313154FFDF50066A934 /* CCActionInterval.h */,
				74296314154FFDF50066A934 /* CCActionInterval.m */,
				74296316154FFDF50066A934 /* CCActionManager.h */,
				74296317154FFDF50066A934 /* CCActionManager.m */,
				74296319154FFDF50066A934 /* CCActionPageTurn3D.h */,
				7429631A154FFDF50066A934 /* CCActionPageTurn3D.m */,
				7429631C154FFDF50066A934 /* CCActionProgressTimer.h */,
				7429631D154FFDF50066A934 /* CCActionProgressTimer.m */,
				7429631F154FFDF50066A934 /* CCActionTiledGrid.h */,
				74296320154FFDF50066A934 /* CCActionTiledGrid.m */,
				74296322154FFDF50066A934 /* CCActionTween.h */,
				74296323154FFDF50066A934 /* CCActionTween.m */,
				74296325154FFDF50066A934 /* CCAnimation.h */,
				74296326154FFDF60066A934 /* CCAnimation.m */,
				74296328154FFDF60066A934 /* CCAnimationCache.h */,
				74296329154FFDF60066A934 /* CCAnimationCache.m */,
				7429632B154FFDF60066A934 /* CCAtlasNode.h */,
				7429632C154FFDF60066A934 /* CCAtlasNode.m */,
				7429632E154FFDF60066A934 /* CCBlockSupport.h */,
				7429632F154FFDF60066A934 /* CCBlockSupport.m */,
				74296331154FFDF60066A934 /* CCCamera.h */,
				74296332154FFDF60066A934 /* CCCamera.m */,
				74296334154FFDF60066A934 /* ccConfig.h */,
				74296335154FFDF60066A934 /* CCConfiguration.h */,
				74296336154FFDF60066A934 /* CCConfiguration.m */,
				74296338154FFDF60066A934 /* CCDirector.h */,
				74296339154FFDF60066A934 /* CCDirector.m */,
				7429633B154FFDF60066A934 /* CCDrawingPrimitives.h */,
				7429633C154FFDF60066A934 /* CCDrawingPrimitives.m */,
				7429633E154FFDF60066A934 /* CCGrabber.h */,
				7429633F154FFDF60066A934 /* CCGrabber.m */,
				74296341154FFDF60066A934 /* CCGrid.h */,
				74296342154FFDF60066A934 /* CCGrid.m */,
				74296344154FFDF60066A934 /* CCLabelAtlas.h */,
				74296345154FFDF60066A934 /* CCLabelAtlas.m */,
				74296347154FFDF60066A934 /* CCLabelBMFont.h */,
				74296348154FFDF60066A934 /* CCLabelBMFont.m */,
				7429634A154FFDF60066A934 /* CCLabelTTF.h */,
				7429634B154FFDF60066A934 /* CCLabelTTF.m */,
				7429634D154FFDF60066A934 /* CCLayer.h */,
				7429634E154FFDF60066A934 /* CCLayer.m */,
				74296350154FFDF60066A934 /* ccMacros.h */,
				74296351154FFDF60066A934 /* CCMenu.h */,
				74296352154FFDF60066A934 /* CCMenu.m */,
				74296354154FFDF60066A934 /* CCMenuItem.h */,
				74296355154FFDF60066A934 /* CCMenuItem.m */,
				74296357154FFDF60066A934 /* CCMotionStreak.h */,
				74296358154FFDF60066A934 /* CCMotionStreak.m */,
				7429635A154FFDF60066A934 /* CCNode.h */,
				7429635B154FFDF60066A934 /* CCNode.m */,
				7429635D154FFDF60066A934 /* CCParallaxNode.h */,
				7429635E154FFDF60066A934 /* CCParallaxNode.m */,
				74296360154FFDF60066A934 /* CCParticleBatchNode.h */,
				74296361154FFDF60066A934 /* CCParticleBatchNode.m */,
				74296363154FFDF60066A934 /* CCParticleExamples.h */,
				74296364154FFDF60066A934 /* CCParticleExamples.m */,
				74296366154FFDF60066A934 /* CCParticleSystem.h */,
				74296367154FFDF60066A934 /* CCParticleSystem.m */,
				74296369154FFDF60066A934 /* CCParticleSystemPoint.h */,
				7429636A154FFDF60066A934 /* CCParticleSystemPoint.m */,
				7429636C154FFDF60066A934 /* CCParticleSystemQuad.h */,
				7429636D154FFDF60066A934 /* CCParticleSystemQuad.m */,
				7429636F154FFDF60066A934 /* CCProgressTimer.h */,
				74296370154FFDF60066A934 /* CCProgressTimer.m */,
				74296372154FFDF60066A934 /* CCProtocols.h */,
				74296373154FFDF60066A934 /* CCRenderTexture.h */,
				74296374154FFDF60066A934 /* CCRenderTexture.m */,
				74296376154FFDF60066A934 /* CCRibbon.h */,
				74296377154FFDF60066A934 /* CCRibbon.m */,
				74296379154FFDF60066A934 /* CCScene.h */,
				7429637A154FFDF60066A934 /* CCScene.m */,
				7429637C154FFDF60066A934 /* CCScheduler.h */,
				7429637D154FFDF60066A934 /* CCScheduler.m */,
				7429637F154FFDF60066A934 /* CCSprite.h */,
				74296380154FFDF60066A934 /* CCSprite.m */,
				74296382154FFDF60066A934 /* CCSpriteBatchNode.h */,
				74296383154FFDF60066A934 /* CCSpriteBatchNode.m */,
				74296385154FFDF60066A934 /* CCSpriteFrame.h */,
				74296386154FFDF60066A934 /* CCSpriteFrame.m */,
				74296388154FFDF60066A934 /* CCSpriteFrameCache.h */,
				74296389154FFDF60066A934 /* CCSpriteFrameCache.m */,
				7429638B154FFDF60066A934 /* CCTexture2D.h */,
				7429638C154FFDF60066A934 /* CCTexture2D.m */,
				7429638E154FFDF60066A934 /* CCTextureAtlas.h */,
				7429638F154FFDF60066A934 /* CCTextureAtlas.m */,
				74296391154FFDF60066A934 /* CCTextureCache.h */,
				74296392154FFDF70066A934 /* CCTextureCache.m */,
				74296394154FFDF70066A934 /* CCTexturePVR.h */,
				74296395154FFDF70066A934 /* CCTexturePVR.m */,
				74296397154FFDF70066A934 /* CCTileMapAtlas.h */,
				74296398154FFDF70066A934 /* CCTileMapAtlas.m */,
				7429639A154FFDF70066A934 /* CCTMXLayer.h */,
				7429639B154FFDF70066A934 /* CCTMXLayer.m */,
				7429639D154FFDF70066A934 /* CCTMXObjectGroup.h */,
				7429639E154FFDF70066A934 /* CCTMXObjectGroup.m */,
				742963A0154FFDF70066A934 /* CCTMXTiledMap.h */,
				742963A1154FFDF70066A934 /* CCTMXTiledMap.m */,
				742963A3154FFDF70066A934 /* CCTMXXMLParser.h */,
				742963A4154FFDF70066A934 /* CCTMXXMLParser.m */,
				742963A6154FFDF70066A934 /* CCTransition.h */,
				742963A7154FFDF70066A934 /* CCTransition.m */,
				742963A9154FFDF70066A934 /* CCTransitionPageTurn.h */,
				742963AA154FFDF70066A934 /* CCTransitionPageTurn.m */,
				742963AC154FFDF70066A934 /* CCTransitionRadial.h */,
				742963AD154FFDF70066A934 /* CCTransitionRadial.m */,
				742963AF154FFDF70066A934 /* ccTypes.h */,
				742963B0154FFDF70066A934 /* cocos2d.h */,
				742963B1154FFDF70066A934 /* cocos2d.m */,
				742963B3154FFDF70066A934 /* Platforms */,
				742963D8154FFDF70066A934 /* Support */,
			);
			name = cocos2d;
			sourceTree = "<group>";
		};
		742963B3154FFDF70066A934 /* Platforms */ = {
			isa = PBXGroup;
			children = (
				742963B4154FFDF70066A934 /* CCGL.h */,
				742963B5154FFDF70066A934 /* CCNS.h */,
				742963B6154FFDF70066A934 /* iOS */,
				742963CB154FFDF70066A934 /* Mac */,
			);
			name = Platforms;
			sourceTree = "<group>";
		};
		742963B6154FFDF70066A934 /* iOS */ = {
			isa = PBXGroup;
			children = (
				742963B7154FFDF70066A934 /* CCDirectorIOS.h */,
				742963B8154FFDF70066A934 /* CCDirectorIOS.m */,
				742963BA154FFDF70066A934 /* CCTouchDelegateProtocol.h */,
				742963BB154FFDF70066A934 /* CCTouchDispatcher.h */,
				742963BC154FFDF70066A934 /* CCTouchDispatcher.m */,
				742963BE154FFDF70066A934 /* CCTouchHandler.h */,
				742963BF154FFDF70066A934 /* CCTouchHandler.m */,
				742963C1154FFDF70066A934 /* EAGLView.h */,
				742963C2154FFDF70066A934 /* EAGLView.m */,
				742963C4154FFDF70066A934 /* ES1Renderer.h */,
				742963C5154FFDF70066A934 /* ES1Renderer.m */,
				742963C7154FFDF70066A934 /* ESRenderer.h */,
				742963C8154FFDF70066A934 /* glu.c */,
				742963CA154FFDF70066A934 /* glu.h */,
			);
			name = iOS;
			sourceTree = "<group>";
		};
		742963CB154FFDF70066A934 /* Mac */ = {
			isa = PBXGroup;
			children = (
				742963CC154FFDF70066A934 /* CCDirectorMac.h */,
				742963CD154FFDF70066A934 /* CCDirectorMac.m */,
				742963CF154FFDF70066A934 /* CCEventDispatcher.h */,
				742963D0154FFDF70066A934 /* CCEventDispatcher.m */,
				742963D2154FFDF70066A934 /* MacGLView.h */,
				742963D3154FFDF70066A934 /* MacGLView.m */,
				742963D5154FFDF70066A934 /* MacWindow.h */,
				742963D6154FFDF70066A934 /* MacWindow.m */,
			);
			name = Mac;
			sourceTree = "<group>";
		};
		742963D8154FFDF70066A934 /* Support */ = {
			isa = PBXGroup;
			children = (
				742963D9154FFDF70066A934 /* base64.c */,
				742963DB154FFDF70066A934 /* base64.h */,
				742963DC154FFDF70066A934 /* CCArray.h */,
				742963DD154FFDF70066A934 /* CCArray.m */,
				742963DF154FFDF70066A934 /* ccCArray.h */,
				742963E0154FFDF70066A934 /* CCFileUtils.h */,
				742963E1154FFDF70066A934 /* CCFileUtils.m */,
				742963E3154FFDF70066A934 /* CCProfiling.h */,
				742963E4154FFDF70066A934 /* CCProfiling.m */,
				742963E6154FFDF70066A934 /* ccUtils.c */,
				742963E8154FFDF70066A934 /* ccUtils.h */,
				742963E9154FFDF70066A934 /* CGPointExtension.h */,
				742963EA154FFDF70066A934 /* CGPointExtension.m */,
				742963EC154FFDF70066A934 /* OpenGL_Internal.h */,
				742963ED154FFDF70066A934 /* TGAlib.h */,
				742963EE154FFDF70066A934 /* TGAlib.m */,
				742963F0154FFDF70066A934 /* TransformUtils.h */,
				742963F1154FFDF70066A934 /* TransformUtils.m */,
				742963F3154FFDF70066A934 /* uthash.h */,
				742963F4154FFDF70066A934 /* utlist.h */,
				742963F5154FFDF70066A934 /* ZipUtils.h */,
				742963F6154FFDF70066A934 /* ZipUtils.m */,
			);
			name = Support;
			sourceTree = "<group>";
		};
		742963F9154FFDF70066A934 /* CocosDenshion */ = {
			isa = PBXGroup;
			children = (
				742963FA154FFDF70066A934 /* CDAudioManager.h */,
				742963FB154FFDF70066A934 /* CDAudioManager.m */,
				742963FD154FFDF70066A934 /* CDConfig.h */,
				742963FE154FFDF70066A934 /* CDOpenALSupport.h */,
				742963FF154FFDF70066A934 /* CDOpenALSupport.m */,
				74296401154FFDF70066A934 /* CocosDenshion.h */,
				74296402154FFDF80066A934 /* CocosDenshion.m */,
				74296404154FFDF80066A934 /* SimpleAudioEngine.h */,
				74296405154FFDF80066A934 /* SimpleAudioEngine.m */,
			);
			name = CocosDenshion;
			sourceTree = "<group>";
		};
		74296408154FFDF80066A934 /* cocoslive */ = {
			isa = PBXGroup;
			children = (
				74296409154FFDF80066A934 /* CLScoreServerPost.h */,
				7429640A154FFDF80066A934 /* CLScoreServerPost.m */,
				7429640C154FFDF80066A934 /* CLScoreServerRequest.h */,
				7429640D154FFDF80066A934 /* CLScoreServerRequest.m */,
				7429640F154FFDF80066A934 /* cocoslive.h */,
				74296410154FFDF80066A934 /* cocoslive.m */,
			);
			name = cocoslive;
			sourceTree = "<group>";
		};
		74296413154FFDF80066A934 /* TouchJSON */ = {
			isa = PBXGroup;
			children = (
				74296414154FFDF80066A934 /* CDataScanner.h */,
				74296415154FFDF80066A934 /* CDataScanner.m */,
				74296417154FFDF80066A934 /* Extensions */,
				7429641E154FFDF80066A934 /* JSON */,
			);
			name = TouchJSON;
			sourceTree = "<group>";
		};
		74296417154FFDF80066A934 /* Extensions */ = {
			isa = PBXGroup;
			children = (
				74296418154FFDF80066A934 /* CDataScanner_Extensions.h */,
				74296419154FFDF80066A934 /* CDataScanner_Extensions.m */,
				7429641B154FFDF80066A934 /* NSDictionary_JSONExtensions.h */,
				7429641C154FFDF80066A934 /* NSDictionary_JSONExtensions.m */,
			);
			name = Extensions;
			sourceTree = "<group>";
		};
		7429641E154FFDF80066A934 /* JSON */ = {
			isa = PBXGroup;
			children = (
				7429641F154FFDF80066A934 /* CJSONDeserializer.h */,
				74296420154FFDF80066A934 /* CJSONDeserializer.m */,
				74296422154FFDF80066A934 /* CJSONScanner.h */,
				74296423154FFDF80066A934 /* CJSONScanner.m */,
				74296425154FFDF80066A934 /* CJSONSerializer.h */,
				74296426154FFDF80066A934 /* CJSONSerializer.m */,
				74296428154FFDF80066A934 /* JSONRepresentation.h */,
			);
			name = JSON;
			sourceTree = "<group>";
		};
		74296429154FFDF80066A934 /* FontLabel */ = {
			isa = PBXGroup;
			children = (
				7429642A154FFDF80066A934 /* FontLabel.h */,
				7429642B154FFDF80066A934 /* FontLabel.m */,
				7429642D154FFDF80066A934 /* FontLabelStringDrawing.h */,
				7429642E154FFDF80066A934 /* FontLabelStringDrawing.m */,
				74296430154FFDF80066A934 /* FontManager.h */,
				74296431154FFDF80066A934 /* FontManager.m */,
				74296433154FFDF80066A934 /* ZAttributedString.h */,
				74296434154FFDF80066A934 /* ZAttributedString.m */,
				74296436154FFDF80066A934 /* ZAttributedStringPrivate.h */,
				74296437154FFDF80066A934 /* ZFont.h */,
				74296438154FFDF80066A934 /* ZFont.m */,
			);
			name = FontLabel;
			sourceTree = "<group>";
		};
		7429643B154FFDF80066A934 /* Supporting Files */ = {
			isa = PBXGroup;
			children = (
				7429643C154FFDF80066A934 /* Prefix.pch */,
				7429643D154FFDF80066A934 /* main.m */,
			);
			name = "Supporting Files";
			sourceTree = "<group>";
		};
/* End PBXGroup section */

/* Begin PBXNativeTarget section */
		742962D5154FFDF50066A934 /* starwars */ = {
			isa = PBXNativeTarget;
			buildConfigurationList = 7429644B154FFDF80066A934 /* Build configuration list for PBXNativeTarget "starwars" */;
			buildPhases = (
				742962D2154FFDF50066A934 /* Sources */,
				742962D3154FFDF50066A934 /* Frameworks */,
				742962D4154FFDF50066A934 /* Resources */,
			);
			buildRules = (
			);
			dependencies = (
			);
			name = starwars;
			productName = starwars;
			productReference = 742962D6154FFDF50066A934 /* starwars.app */;
			productType = "com.apple.product-type.application";
		};
/* End PBXNativeTarget section */

/* Begin PBXProject section */
		742962CD154FFDF50066A934 /* Project object */ = {
			isa = PBXProject;
			attributes = {
				LastUpgradeCheck = 0430;
			};
			buildConfigurationList = 742962D0154FFDF50066A934 /* Build configuration list for PBXProject "starwars" */;
			compatibilityVersion = "Xcode 3.2";
			developmentRegion = English;
			hasScannedForEncodings = 0;
			knownRegions = (
				en,
			);
			mainGroup = 742962CB154FFDF50066A934;
			productRefGroup = 742962D7154FFDF50066A934 /* Products */;
			projectDirPath = "";
			projectRoot = "";
			targets = (
				742962D5154FFDF50066A934 /* starwars */,
			);
		};
/* End PBXProject section */

/* Begin PBXResourcesBuildPhase section */
		742962D4154FFDF50066A934 /* Resources */ = {
			isa = PBXResourcesBuildPhase;
			buildActionMask = 2147483647;
			files = (
				7429645715502ED90066A934 /* imperial.mp3 in Resources */,
				7429645815502ED90066A934 /* plasma.png in Resources */,
				7429645915502ED90066A934 /* Starjhol.ttf in Resources */,
				7429645A15502ED90066A934 /* tieFighter.png in Resources */,
				7429645B15502ED90066A934 /* xwing.png in Resources */,
				742962ED154FFDF50066A934 /* Default.png in Resources */,
				742962EF154FFDF50066A934 /* fps_images.png in Resources */,
				742962F1154FFDF50066A934 /* Icon-72.png in Resources */,
				742962F3154FFDF50066A934 /* Icon-Small-50.png in Resources */,
				742962F5154FFDF50066A934 /* Icon-Small.png in Resources */,
				742962F7154FFDF50066A934 /* Icon-Small@2x.png in Resources */,
				742962F9154FFDF50066A934 /* Icon.png in Resources */,
				742962FB154FFDF50066A934 /* Icon@2x.png in Resources */,
				742962FE154FFDF50066A934 /* iTunesArtwork in Resources */,
			);
			runOnlyForDeploymentPostprocessing = 0;
		};
/* End PBXResourcesBuildPhase section */

/* Begin PBXSourcesBuildPhase section */
		742962D2154FFDF50066A934 /* Sources */ = {
			isa = PBXSourcesBuildPhase;
			buildActionMask = 2147483647;
			files = (
				7429645E15504C950066A934 /* GameOverLayer.m in Sources */,
				74296303154FFDF50066A934 /* CCAction.m in Sources */,
				74296306154FFDF50066A934 /* CCActionCamera.m in Sources */,
				74296309154FFDF50066A934 /* CCActionEase.m in Sources */,
				7429630C154FFDF50066A934 /* CCActionGrid.m in Sources */,
				7429630F154FFDF50066A934 /* CCActionGrid3D.m in Sources */,
				74296312154FFDF50066A934 /* CCActionInstant.m in Sources */,
				74296315154FFDF50066A934 /* CCActionInterval.m in Sources */,
				74296318154FFDF50066A934 /* CCActionManager.m in Sources */,
				7429631B154FFDF50066A934 /* CCActionPageTurn3D.m in Sources */,
				7429631E154FFDF50066A934 /* CCActionProgressTimer.m in Sources */,
				74296321154FFDF50066A934 /* CCActionTiledGrid.m in Sources */,
				74296324154FFDF50066A934 /* CCActionTween.m in Sources */,
				74296327154FFDF60066A934 /* CCAnimation.m in Sources */,
				7429632A154FFDF60066A934 /* CCAnimationCache.m in Sources */,
				7429632D154FFDF60066A934 /* CCAtlasNode.m in Sources */,
				74296330154FFDF60066A934 /* CCBlockSupport.m in Sources */,
				74296333154FFDF60066A934 /* CCCamera.m in Sources */,
				74296337154FFDF60066A934 /* CCConfiguration.m in Sources */,
				7429633A154FFDF60066A934 /* CCDirector.m in Sources */,
				7429633D154FFDF60066A934 /* CCDrawingPrimitives.m in Sources */,
				74296340154FFDF60066A934 /* CCGrabber.m in Sources */,
				74296343154FFDF60066A934 /* CCGrid.m in Sources */,
				74296346154FFDF60066A934 /* CCLabelAtlas.m in Sources */,
				74296349154FFDF60066A934 /* CCLabelBMFont.m in Sources */,
				7429634C154FFDF60066A934 /* CCLabelTTF.m in Sources */,
				7429634F154FFDF60066A934 /* CCLayer.m in Sources */,
				74296353154FFDF60066A934 /* CCMenu.m in Sources */,
				74296356154FFDF60066A934 /* CCMenuItem.m in Sources */,
				74296359154FFDF60066A934 /* CCMotionStreak.m in Sources */,
				7429635C154FFDF60066A934 /* CCNode.m in Sources */,
				7429635F154FFDF60066A934 /* CCParallaxNode.m in Sources */,
				74296362154FFDF60066A934 /* CCParticleBatchNode.m in Sources */,
				74296365154FFDF60066A934 /* CCParticleExamples.m in Sources */,
				74296368154FFDF60066A934 /* CCParticleSystem.m in Sources */,
				7429636B154FFDF60066A934 /* CCParticleSystemPoint.m in Sources */,
				7429636E154FFDF60066A934 /* CCParticleSystemQuad.m in Sources */,
				74296371154FFDF60066A934 /* CCProgressTimer.m in Sources */,
				74296375154FFDF60066A934 /* CCRenderTexture.m in Sources */,
				74296378154FFDF60066A934 /* CCRibbon.m in Sources */,
				7429637B154FFDF60066A934 /* CCScene.m in Sources */,
				7429637E154FFDF60066A934 /* CCScheduler.m in Sources */,
				74296381154FFDF60066A934 /* CCSprite.m in Sources */,
				74296384154FFDF60066A934 /* CCSpriteBatchNode.m in Sources */,
				74296387154FFDF60066A934 /* CCSpriteFrame.m in Sources */,
				7429638A154FFDF60066A934 /* CCSpriteFrameCache.m in Sources */,
				7429638D154FFDF60066A934 /* CCTexture2D.m in Sources */,
				74296390154FFDF60066A934 /* CCTextureAtlas.m in Sources */,
				74296393154FFDF70066A934 /* CCTextureCache.m in Sources */,
				74296396154FFDF70066A934 /* CCTexturePVR.m in Sources */,
				74296399154FFDF70066A934 /* CCTileMapAtlas.m in Sources */,
				7429639C154FFDF70066A934 /* CCTMXLayer.m in Sources */,
				7429639F154FFDF70066A934 /* CCTMXObjectGroup.m in Sources */,
				742963A2154FFDF70066A934 /* CCTMXTiledMap.m in Sources */,
				742963A5154FFDF70066A934 /* CCTMXXMLParser.m in Sources */,
				742963A8154FFDF70066A934 /* CCTransition.m in Sources */,
				742963AB154FFDF70066A934 /* CCTransitionPageTurn.m in Sources */,
				742963AE154FFDF70066A934 /* CCTransitionRadial.m in Sources */,
				742963B2154FFDF70066A934 /* cocos2d.m in Sources */,
				742963B9154FFDF70066A934 /* CCDirectorIOS.m in Sources */,
				742963BD154FFDF70066A934 /* CCTouchDispatcher.m in Sources */,
				742963C0154FFDF70066A934 /* CCTouchHandler.m in Sources */,
				742963C3154FFDF70066A934 /* EAGLView.m in Sources */,
				742963C6154FFDF70066A934 /* ES1Renderer.m in Sources */,
				742963C9154FFDF70066A934 /* glu.c in Sources */,
				742963CE154FFDF70066A934 /* CCDirectorMac.m in Sources */,
				742963D1154FFDF70066A934 /* CCEventDispatcher.m in Sources */,
				742963D4154FFDF70066A934 /* MacGLView.m in Sources */,
				742963D7154FFDF70066A934 /* MacWindow.m in Sources */,
				742963DA154FFDF70066A934 /* base64.c in Sources */,
				742963DE154FFDF70066A934 /* CCArray.m in Sources */,
				742963E2154FFDF70066A934 /* CCFileUtils.m in Sources */,
				742963E5154FFDF70066A934 /* CCProfiling.m in Sources */,
				742963E7154FFDF70066A934 /* ccUtils.c in Sources */,
				742963EB154FFDF70066A934 /* CGPointExtension.m in Sources */,
				742963EF154FFDF70066A934 /* TGAlib.m in Sources */,
				742963F2154FFDF70066A934 /* TransformUtils.m in Sources */,
				742963F7154FFDF70066A934 /* ZipUtils.m in Sources */,
				742963FC154FFDF70066A934 /* CDAudioManager.m in Sources */,
				74296400154FFDF70066A934 /* CDOpenALSupport.m in Sources */,
				74296403154FFDF80066A934 /* CocosDenshion.m in Sources */,
				74296406154FFDF80066A934 /* SimpleAudioEngine.m in Sources */,
				7429640B154FFDF80066A934 /* CLScoreServerPost.m in Sources */,
				7429640E154FFDF80066A934 /* CLScoreServerRequest.m in Sources */,
				74296411154FFDF80066A934 /* cocoslive.m in Sources */,
				74296416154FFDF80066A934 /* CDataScanner.m in Sources */,
				7429641A154FFDF80066A934 /* CDataScanner_Extensions.m in Sources */,
				7429641D154FFDF80066A934 /* NSDictionary_JSONExtensions.m in Sources */,
				74296421154FFDF80066A934 /* CJSONDeserializer.m in Sources */,
				74296424154FFDF80066A934 /* CJSONScanner.m in Sources */,
				74296427154FFDF80066A934 /* CJSONSerializer.m in Sources */,
				7429642C154FFDF80066A934 /* FontLabel.m in Sources */,
				7429642F154FFDF80066A934 /* FontLabelStringDrawing.m in Sources */,
				74296432154FFDF80066A934 /* FontManager.m in Sources */,
				74296435154FFDF80066A934 /* ZAttributedString.m in Sources */,
				74296439154FFDF80066A934 /* ZFont.m in Sources */,
				7429643E154FFDF80066A934 /* main.m in Sources */,
				74296441154FFDF80066A934 /* AppDelegate.m in Sources */,
				74296444154FFDF80066A934 /* RootViewController.m in Sources */,
				74296447154FFDF80066A934 /* GameLayer.m in Sources */,
			);
			runOnlyForDeploymentPostprocessing = 0;
		};
/* End PBXSourcesBuildPhase section */

/* Begin XCBuildConfiguration section */
		74296449154FFDF80066A934 /* Debug */ = {
			isa = XCBuildConfiguration;
			buildSettings = {
				ARCHS = "$(ARCHS_STANDARD_32_BIT)";
				"CODE_SIGN_IDENTITY[sdk=iphoneos*]" = "iPhone Developer";
				GCC_C_LANGUAGE_STANDARD = gnu99;
				GCC_OPTIMIZATION_LEVEL = 0;
				GCC_PREPROCESSOR_DEFINITIONS = (
					DEBUG,
					"COCOS2D_DEBUG=1",
				);
				GCC_SYMBOLS_PRIVATE_EXTERN = NO;
				GCC_VERSION = com.apple.compilers.llvmgcc42;
				GCC_WARN_ABOUT_RETURN_TYPE = YES;
				GCC_WARN_UNUSED_VARIABLE = YES;
				IPHONEOS_DEPLOYMENT_TARGET = 5.0;
				SDKROOT = iphoneos;
			};
			name = Debug;
		};
		7429644A154FFDF80066A934 /* Release */ = {
			isa = XCBuildConfiguration;
			buildSettings = {
				ARCHS = "$(ARCHS_STANDARD_32_BIT)";
				"CODE_SIGN_IDENTITY[sdk=iphoneos*]" = "iPhone Developer";
				GCC_C_LANGUAGE_STANDARD = gnu99;
				GCC_PREPROCESSOR_DEFINITIONS = NDEBUG;
				GCC_VERSION = com.apple.compilers.llvmgcc42;
				GCC_WARN_ABOUT_RETURN_TYPE = YES;
				GCC_WARN_UNUSED_VARIABLE = YES;
				IPHONEOS_DEPLOYMENT_TARGET = 5.0;
				OTHER_CFLAGS = "-DNS_BLOCK_ASSERTIONS=1";
				SDKROOT = iphoneos;
			};
			name = Release;
		};
		7429644C154FFDF80066A934 /* Debug */ = {
			isa = XCBuildConfiguration;
			buildSettings = {
				ALWAYS_SEARCH_USER_PATHS = NO;
				COPY_PHASE_STRIP = NO;
				GCC_DYNAMIC_NO_PIC = NO;
				GCC_PRECOMPILE_PREFIX_HEADER = YES;
				GCC_PREFIX_HEADER = starwars/Prefix.pch;
				"GCC_THUMB_SUPPORT[arch=armv6]" = "";
				INFOPLIST_FILE = starwars/Resources/Info.plist;
				OTHER_LDFLAGS = "-lz";
				PRODUCT_NAME = "$(TARGET_NAME)";
				WRAPPER_EXTENSION = app;
			};
			name = Debug;
		};
		7429644D154FFDF80066A934 /* Release */ = {
			isa = XCBuildConfiguration;
			buildSettings = {
				ALWAYS_SEARCH_USER_PATHS = NO;
				COPY_PHASE_STRIP = YES;
				GCC_PRECOMPILE_PREFIX_HEADER = YES;
				GCC_PREFIX_HEADER = starwars/Prefix.pch;
				"GCC_THUMB_SUPPORT[arch=armv6]" = "";
				INFOPLIST_FILE = starwars/Resources/Info.plist;
				OTHER_LDFLAGS = "-lz";
				PRODUCT_NAME = "$(TARGET_NAME)";
				VALIDATE_PRODUCT = YES;
				WRAPPER_EXTENSION = app;
			};
			name = Release;
		};
/* End XCBuildConfiguration section */

/* Begin XCConfigurationList section */
		742962D0154FFDF50066A934 /* Build configuration list for PBXProject "starwars" */ = {
			isa = XCConfigurationList;
			buildConfigurations = (
				74296449154FFDF80066A934 /* Debug */,
				7429644A154FFDF80066A934 /* Release */,
			);
			defaultConfigurationIsVisible = 0;
			defaultConfigurationName = Release;
		};
		7429644B154FFDF80066A934 /* Build configuration list for PBXNativeTarget "starwars" */ = {
			isa = XCConfigurationList;
			buildConfigurations = (
				7429644C154FFDF80066A934 /* Debug */,
				7429644D154FFDF80066A934 /* Release */,
			);
			defaultConfigurationIsVisible = 0;
		};
/* End XCConfigurationList section */
	};
	rootObject = 742962CD154FFDF50066A934 /* Project object */;
}
